// !$*UTF8*$!
{
	archiveVersion = 1;
	classes = {
	};
	objectVersion = 46;
	objects = {

/* Begin PBXBuildFile section */
		040232501B37E4CC0093E85C /* YTNetWorkManager.m in Sources */ = {isa = PBXBuildFile; fileRef = 0402324F1B37E4CC0093E85C /* YTNetWorkManager.m */; };
		040232541B37E5CA0093E85C /* YTDataManager.m in Sources */ = {isa = PBXBuildFile; fileRef = 040232531B37E5CA0093E85C /* YTDataManager.m */; };
		040232591B3810300093E85C /* YTMainViewController.m in Sources */ = {isa = PBXBuildFile; fileRef = 040232581B3810300093E85C /* YTMainViewController.m */; };
		0402325C1B3810620093E85C /* YTSideViewController.m in Sources */ = {isa = PBXBuildFile; fileRef = 0402325B1B3810620093E85C /* YTSideViewController.m */; };
		0402325F1B38110D0093E85C /* SWRevealViewController.m in Sources */ = {isa = PBXBuildFile; fileRef = 0402325E1B38110D0093E85C /* SWRevealViewController.m */; };
		04E10FF31B38EF6F001958C3 /* YTSideViewCell.m in Sources */ = {isa = PBXBuildFile; fileRef = 04E10FF11B38EF6F001958C3 /* YTSideViewCell.m */; };
		04E10FF41B38EF6F001958C3 /* YTSideViewCell.xib in Resources */ = {isa = PBXBuildFile; fileRef = 04E10FF21B38EF6F001958C3 /* YTSideViewCell.xib */; };
		04E10FFE1B390776001958C3 /* YTSideHeaderViewCell.m in Sources */ = {isa = PBXBuildFile; fileRef = 04E10FFC1B390776001958C3 /* YTSideHeaderViewCell.m */; };
		04E10FFF1B390776001958C3 /* YTSideHeaderViewCell.xib in Resources */ = {isa = PBXBuildFile; fileRef = 04E10FFD1B390776001958C3 /* YTSideHeaderViewCell.xib */; };
		04E110031B393279001958C3 /* YTLoginViewController.m in Sources */ = {isa = PBXBuildFile; fileRef = 04E110021B393279001958C3 /* YTLoginViewController.m */; };
		04E1FA151B3A466E00D68AF4 /* YTOnWorldUtility.m in Sources */ = {isa = PBXBuildFile; fileRef = 04E1FA141B3A466E00D68AF4 /* YTOnWorldUtility.m */; };
		04E1FA241B3A4DB000D68AF4 /* SourceSansPro-Black.otf in Resources */ = {isa = PBXBuildFile; fileRef = 04E1FA171B3A46BC00D68AF4 /* SourceSansPro-Black.otf */; };
		04E1FA251B3A4DB300D68AF4 /* SourceSansPro-BlackIt.otf in Resources */ = {isa = PBXBuildFile; fileRef = 04E1FA181B3A46BC00D68AF4 /* SourceSansPro-BlackIt.otf */; };
		04E1FA261B3A4DB400D68AF4 /* SourceSansPro-BlackIt.otf in Resources */ = {isa = PBXBuildFile; fileRef = 04E1FA181B3A46BC00D68AF4 /* SourceSansPro-BlackIt.otf */; };
		04E1FA271B3A4DB700D68AF4 /* SourceSansPro-Bold.otf in Resources */ = {isa = PBXBuildFile; fileRef = 04E1FA191B3A46BC00D68AF4 /* SourceSansPro-Bold.otf */; };
		04E1FA281B3A4DB700D68AF4 /* SourceSansPro-Bold.otf in Resources */ = {isa = PBXBuildFile; fileRef = 04E1FA191B3A46BC00D68AF4 /* SourceSansPro-Bold.otf */; };
		04E1FA291B3A4DBC00D68AF4 /* SourceSansPro-BoldIt.otf in Resources */ = {isa = PBXBuildFile; fileRef = 04E1FA1A1B3A46BC00D68AF4 /* SourceSansPro-BoldIt.otf */; };
		04E1FA2A1B3A4DBC00D68AF4 /* SourceSansPro-BoldIt.otf in Resources */ = {isa = PBXBuildFile; fileRef = 04E1FA1A1B3A46BC00D68AF4 /* SourceSansPro-BoldIt.otf */; };
		04E1FA2B1B3A4DBF00D68AF4 /* SourceSansPro-ExtraLight.otf in Resources */ = {isa = PBXBuildFile; fileRef = 04E1FA1B1B3A46BC00D68AF4 /* SourceSansPro-ExtraLight.otf */; };
		04E1FA2C1B3A4DBF00D68AF4 /* SourceSansPro-ExtraLight.otf in Resources */ = {isa = PBXBuildFile; fileRef = 04E1FA1B1B3A46BC00D68AF4 /* SourceSansPro-ExtraLight.otf */; };
		04E1FA2D1B3A4DC200D68AF4 /* SourceSansPro-ExtraLightIt.otf in Resources */ = {isa = PBXBuildFile; fileRef = 04E1FA1C1B3A46BC00D68AF4 /* SourceSansPro-ExtraLightIt.otf */; };
		04E1FA2E1B3A4DC300D68AF4 /* SourceSansPro-ExtraLightIt.otf in Resources */ = {isa = PBXBuildFile; fileRef = 04E1FA1C1B3A46BC00D68AF4 /* SourceSansPro-ExtraLightIt.otf */; };
		04E1FA2F1B3A4DC600D68AF4 /* SourceSansPro-It.otf in Resources */ = {isa = PBXBuildFile; fileRef = 04E1FA1D1B3A46BC00D68AF4 /* SourceSansPro-It.otf */; };
		04E1FA301B3A4DC700D68AF4 /* SourceSansPro-It.otf in Resources */ = {isa = PBXBuildFile; fileRef = 04E1FA1D1B3A46BC00D68AF4 /* SourceSansPro-It.otf */; };
		04E1FA311B3A4DCA00D68AF4 /* SourceSansPro-Light.otf in Resources */ = {isa = PBXBuildFile; fileRef = 04E1FA1E1B3A46BC00D68AF4 /* SourceSansPro-Light.otf */; };
		04E1FA321B3A4DCB00D68AF4 /* SourceSansPro-Light.otf in Resources */ = {isa = PBXBuildFile; fileRef = 04E1FA1E1B3A46BC00D68AF4 /* SourceSansPro-Light.otf */; };
		04E1FA331B3A4DCE00D68AF4 /* SourceSansPro-LightIt.otf in Resources */ = {isa = PBXBuildFile; fileRef = 04E1FA1F1B3A46BC00D68AF4 /* SourceSansPro-LightIt.otf */; };
		04E1FA341B3A4DCE00D68AF4 /* SourceSansPro-LightIt.otf in Resources */ = {isa = PBXBuildFile; fileRef = 04E1FA1F1B3A46BC00D68AF4 /* SourceSansPro-LightIt.otf */; };
		04E1FA351B3A4DD200D68AF4 /* SourceSansPro-Regular.otf in Resources */ = {isa = PBXBuildFile; fileRef = 04E1FA201B3A46BC00D68AF4 /* SourceSansPro-Regular.otf */; };
		04E1FA361B3A4DD200D68AF4 /* SourceSansPro-Regular.otf in Resources */ = {isa = PBXBuildFile; fileRef = 04E1FA201B3A46BC00D68AF4 /* SourceSansPro-Regular.otf */; };
		04E1FA371B3A4DD500D68AF4 /* SourceSansPro-Semibold.otf in Resources */ = {isa = PBXBuildFile; fileRef = 04E1FA211B3A46BC00D68AF4 /* SourceSansPro-Semibold.otf */; };
		04E1FA381B3A4DD500D68AF4 /* SourceSansPro-Semibold.otf in Resources */ = {isa = PBXBuildFile; fileRef = 04E1FA211B3A46BC00D68AF4 /* SourceSansPro-Semibold.otf */; };
		04E1FA391B3A4DD800D68AF4 /* SourceSansPro-SemiboldIt.otf in Resources */ = {isa = PBXBuildFile; fileRef = 04E1FA221B3A46BC00D68AF4 /* SourceSansPro-SemiboldIt.otf */; };
		04E1FA3A1B3A4DD900D68AF4 /* SourceSansPro-SemiboldIt.otf in Resources */ = {isa = PBXBuildFile; fileRef = 04E1FA221B3A46BC00D68AF4 /* SourceSansPro-SemiboldIt.otf */; };
		04E1FA3B1B3A4DDC00D68AF4 /* UTM BEBAS.TTF in Resources */ = {isa = PBXBuildFile; fileRef = 04E1FA231B3A46BC00D68AF4 /* UTM BEBAS.TTF */; };
		04E1FA3C1B3A4DDD00D68AF4 /* UTM BEBAS.TTF in Resources */ = {isa = PBXBuildFile; fileRef = 04E1FA231B3A46BC00D68AF4 /* UTM BEBAS.TTF */; };
		04E1FA3F1B3A5CF800D68AF4 /* YTContent.m in Sources */ = {isa = PBXBuildFile; fileRef = 04E1FA3E1B3A5CF800D68AF4 /* YTContent.m */; };
		04E1FA421B3A5CF800D68AF4 /* YTGenre.m in Sources */ = {isa = PBXBuildFile; fileRef = 04E1FA411B3A5CF800D68AF4 /* YTGenre.m */; };
		04E1FA451B3A5CF800D68AF4 /* YTCategory.m in Sources */ = {isa = PBXBuildFile; fileRef = 04E1FA441B3A5CF800D68AF4 /* YTCategory.m */; };
		04E1FA481B3A5CF800D68AF4 /* YTProvider.m in Sources */ = {isa = PBXBuildFile; fileRef = 04E1FA471B3A5CF800D68AF4 /* YTProvider.m */; };
		04E1FA4B1B3AB2F300D68AF4 /* NSString+Utility.m in Sources */ = {isa = PBXBuildFile; fileRef = 04E1FA4A1B3AB2F300D68AF4 /* NSString+Utility.m */; };
		04E1FA501B3ABC0400D68AF4 /* Security.framework in Frameworks */ = {isa = PBXBuildFile; fileRef = 04E1FA4F1B3ABC0400D68AF4 /* Security.framework */; };
		04E1FA531B3ABEC000D68AF4 /* SSKeychain.m in Sources */ = {isa = PBXBuildFile; fileRef = 04E1FA521B3ABEC000D68AF4 /* SSKeychain.m */; };
		04E23B7E1B37C08F0097A2D5 /* main.m in Sources */ = {isa = PBXBuildFile; fileRef = 04E23B7D1B37C08F0097A2D5 /* main.m */; };
		04E23B811B37C08F0097A2D5 /* AppDelegate.m in Sources */ = {isa = PBXBuildFile; fileRef = 04E23B801B37C08F0097A2D5 /* AppDelegate.m */; };
		04E23B841B37C08F0097A2D5 /* OnWorld.xcdatamodeld in Sources */ = {isa = PBXBuildFile; fileRef = 04E23B821B37C08F0097A2D5 /* OnWorld.xcdatamodeld */; };
		04E23B8A1B37C08F0097A2D5 /* Main.storyboard in Resources */ = {isa = PBXBuildFile; fileRef = 04E23B881B37C08F0097A2D5 /* Main.storyboard */; };
		04E23B8C1B37C08F0097A2D5 /* Images.xcassets in Resources */ = {isa = PBXBuildFile; fileRef = 04E23B8B1B37C08F0097A2D5 /* Images.xcassets */; };
		04E23B8F1B37C08F0097A2D5 /* LaunchScreen.xib in Resources */ = {isa = PBXBuildFile; fileRef = 04E23B8D1B37C08F0097A2D5 /* LaunchScreen.xib */; };
		04E23B9B1B37C08F0097A2D5 /* OnWorldTests.m in Sources */ = {isa = PBXBuildFile; fileRef = 04E23B9A1B37C08F0097A2D5 /* OnWorldTests.m */; };
		99D071B6766AA0DD2E88CCF7 /* libPods.a in Frameworks */ = {isa = PBXBuildFile; fileRef = 057883AA109A0B65946A3D87 /* libPods.a */; };
/* End PBXBuildFile section */

/* Begin PBXContainerItemProxy section */
		04E23B951B37C08F0097A2D5 /* PBXContainerItemProxy */ = {
			isa = PBXContainerItemProxy;
			containerPortal = 04E23B701B37C08F0097A2D5 /* Project object */;
			proxyType = 1;
			remoteGlobalIDString = 04E23B771B37C08F0097A2D5;
			remoteInfo = OnWorld;
		};
/* End PBXContainerItemProxy section */

/* Begin PBXFileReference section */
		0064D3D7F78455D032F3572B /* Pods.release.xcconfig */ = {isa = PBXFileReference; includeInIndex = 1; lastKnownFileType = text.xcconfig; name = Pods.release.xcconfig; path = "Pods/Target Support Files/Pods/Pods.release.xcconfig"; sourceTree = "<group>"; };
		0402324E1B37E4CC0093E85C /* YTNetWorkManager.h */ = {isa = PBXFileReference; fileEncoding = 4; lastKnownFileType = sourcecode.c.h; path = YTNetWorkManager.h; sourceTree = "<group>"; };
		0402324F1B37E4CC0093E85C /* YTNetWorkManager.m */ = {isa = PBXFileReference; fileEncoding = 4; lastKnownFileType = sourcecode.c.objc; path = YTNetWorkManager.m; sourceTree = "<group>"; };
		040232521B37E5CA0093E85C /* YTDataManager.h */ = {isa = PBXFileReference; fileEncoding = 4; lastKnownFileType = sourcecode.c.h; path = YTDataManager.h; sourceTree = "<group>"; };
		040232531B37E5CA0093E85C /* YTDataManager.m */ = {isa = PBXFileReference; fileEncoding = 4; lastKnownFileType = sourcecode.c.objc; path = YTDataManager.m; sourceTree = "<group>"; };
		040232571B3810300093E85C /* YTMainViewController.h */ = {isa = PBXFileReference; fileEncoding = 4; lastKnownFileType = sourcecode.c.h; path = YTMainViewController.h; sourceTree = "<group>"; };
		040232581B3810300093E85C /* YTMainViewController.m */ = {isa = PBXFileReference; fileEncoding = 4; lastKnownFileType = sourcecode.c.objc; path = YTMainViewController.m; sourceTree = "<group>"; };
		0402325A1B3810620093E85C /* YTSideViewController.h */ = {isa = PBXFileReference; fileEncoding = 4; lastKnownFileType = sourcecode.c.h; path = YTSideViewController.h; sourceTree = "<group>"; };
		0402325B1B3810620093E85C /* YTSideViewController.m */ = {isa = PBXFileReference; fileEncoding = 4; lastKnownFileType = sourcecode.c.objc; path = YTSideViewController.m; sourceTree = "<group>"; };
		0402325D1B38110D0093E85C /* SWRevealViewController.h */ = {isa = PBXFileReference; fileEncoding = 4; lastKnownFileType = sourcecode.c.h; path = SWRevealViewController.h; sourceTree = "<group>"; };
		0402325E1B38110D0093E85C /* SWRevealViewController.m */ = {isa = PBXFileReference; fileEncoding = 4; lastKnownFileType = sourcecode.c.objc; path = SWRevealViewController.m; sourceTree = "<group>"; };
		04E10FEC1B38EC06001958C3 /* YTCoreDataManager.h */ = {isa = PBXFileReference; fileEncoding = 4; lastKnownFileType = sourcecode.c.h; path = YTCoreDataManager.h; sourceTree = "<group>"; };
		04E10FF01B38EF6F001958C3 /* YTSideViewCell.h */ = {isa = PBXFileReference; fileEncoding = 4; lastKnownFileType = sourcecode.c.h; path = YTSideViewCell.h; sourceTree = "<group>"; };
		04E10FF11B38EF6F001958C3 /* YTSideViewCell.m */ = {isa = PBXFileReference; fileEncoding = 4; lastKnownFileType = sourcecode.c.objc; path = YTSideViewCell.m; sourceTree = "<group>"; };
		04E10FF21B38EF6F001958C3 /* YTSideViewCell.xib */ = {isa = PBXFileReference; fileEncoding = 4; lastKnownFileType = file.xib; path = YTSideViewCell.xib; sourceTree = "<group>"; };
		04E10FFB1B390776001958C3 /* YTSideHeaderViewCell.h */ = {isa = PBXFileReference; fileEncoding = 4; lastKnownFileType = sourcecode.c.h; path = YTSideHeaderViewCell.h; sourceTree = "<group>"; };
		04E10FFC1B390776001958C3 /* YTSideHeaderViewCell.m */ = {isa = PBXFileReference; fileEncoding = 4; lastKnownFileType = sourcecode.c.objc; path = YTSideHeaderViewCell.m; sourceTree = "<group>"; };
		04E10FFD1B390776001958C3 /* YTSideHeaderViewCell.xib */ = {isa = PBXFileReference; fileEncoding = 4; lastKnownFileType = file.xib; path = YTSideHeaderViewCell.xib; sourceTree = "<group>"; };
		04E110011B393279001958C3 /* YTLoginViewController.h */ = {isa = PBXFileReference; fileEncoding = 4; lastKnownFileType = sourcecode.c.h; path = YTLoginViewController.h; sourceTree = "<group>"; };
		04E110021B393279001958C3 /* YTLoginViewController.m */ = {isa = PBXFileReference; fileEncoding = 4; lastKnownFileType = sourcecode.c.objc; path = YTLoginViewController.m; sourceTree = "<group>"; };
		04E1FA131B3A466E00D68AF4 /* YTOnWorldUtility.h */ = {isa = PBXFileReference; fileEncoding = 4; lastKnownFileType = sourcecode.c.h; path = YTOnWorldUtility.h; sourceTree = "<group>"; };
		04E1FA141B3A466E00D68AF4 /* YTOnWorldUtility.m */ = {isa = PBXFileReference; fileEncoding = 4; lastKnownFileType = sourcecode.c.objc; path = YTOnWorldUtility.m; sourceTree = "<group>"; };
		04E1FA171B3A46BC00D68AF4 /* SourceSansPro-Black.otf */ = {isa = PBXFileReference; lastKnownFileType = file; path = "SourceSansPro-Black.otf"; sourceTree = "<group>"; };
		04E1FA181B3A46BC00D68AF4 /* SourceSansPro-BlackIt.otf */ = {isa = PBXFileReference; lastKnownFileType = file; path = "SourceSansPro-BlackIt.otf"; sourceTree = "<group>"; };
		04E1FA191B3A46BC00D68AF4 /* SourceSansPro-Bold.otf */ = {isa = PBXFileReference; lastKnownFileType = file; path = "SourceSansPro-Bold.otf"; sourceTree = "<group>"; };
		04E1FA1A1B3A46BC00D68AF4 /* SourceSansPro-BoldIt.otf */ = {isa = PBXFileReference; lastKnownFileType = file; path = "SourceSansPro-BoldIt.otf"; sourceTree = "<group>"; };
		04E1FA1B1B3A46BC00D68AF4 /* SourceSansPro-ExtraLight.otf */ = {isa = PBXFileReference; lastKnownFileType = file; path = "SourceSansPro-ExtraLight.otf"; sourceTree = "<group>"; };
		04E1FA1C1B3A46BC00D68AF4 /* SourceSansPro-ExtraLightIt.otf */ = {isa = PBXFileReference; lastKnownFileType = file; path = "SourceSansPro-ExtraLightIt.otf"; sourceTree = "<group>"; };
		04E1FA1D1B3A46BC00D68AF4 /* SourceSansPro-It.otf */ = {isa = PBXFileReference; lastKnownFileType = file; path = "SourceSansPro-It.otf"; sourceTree = "<group>"; };
		04E1FA1E1B3A46BC00D68AF4 /* SourceSansPro-Light.otf */ = {isa = PBXFileReference; lastKnownFileType = file; path = "SourceSansPro-Light.otf"; sourceTree = "<group>"; };
		04E1FA1F1B3A46BC00D68AF4 /* SourceSansPro-LightIt.otf */ = {isa = PBXFileReference; lastKnownFileType = file; path = "SourceSansPro-LightIt.otf"; sourceTree = "<group>"; };
		04E1FA201B3A46BC00D68AF4 /* SourceSansPro-Regular.otf */ = {isa = PBXFileReference; lastKnownFileType = file; path = "SourceSansPro-Regular.otf"; sourceTree = "<group>"; };
		04E1FA211B3A46BC00D68AF4 /* SourceSansPro-Semibold.otf */ = {isa = PBXFileReference; lastKnownFileType = file; path = "SourceSansPro-Semibold.otf"; sourceTree = "<group>"; };
		04E1FA221B3A46BC00D68AF4 /* SourceSansPro-SemiboldIt.otf */ = {isa = PBXFileReference; lastKnownFileType = file; path = "SourceSansPro-SemiboldIt.otf"; sourceTree = "<group>"; };
		04E1FA231B3A46BC00D68AF4 /* UTM BEBAS.TTF */ = {isa = PBXFileReference; lastKnownFileType = file; path = "UTM BEBAS.TTF"; sourceTree = "<group>"; };
		04E1FA3D1B3A5CF800D68AF4 /* YTContent.h */ = {isa = PBXFileReference; fileEncoding = 4; lastKnownFileType = sourcecode.c.h; path = YTContent.h; sourceTree = "<group>"; };
		04E1FA3E1B3A5CF800D68AF4 /* YTContent.m */ = {isa = PBXFileReference; fileEncoding = 4; lastKnownFileType = sourcecode.c.objc; path = YTContent.m; sourceTree = "<group>"; };
		04E1FA401B3A5CF800D68AF4 /* YTGenre.h */ = {isa = PBXFileReference; fileEncoding = 4; lastKnownFileType = sourcecode.c.h; path = YTGenre.h; sourceTree = "<group>"; };
		04E1FA411B3A5CF800D68AF4 /* YTGenre.m */ = {isa = PBXFileReference; fileEncoding = 4; lastKnownFileType = sourcecode.c.objc; path = YTGenre.m; sourceTree = "<group>"; };
		04E1FA431B3A5CF800D68AF4 /* YTCategory.h */ = {isa = PBXFileReference; fileEncoding = 4; lastKnownFileType = sourcecode.c.h; path = YTCategory.h; sourceTree = "<group>"; };
		04E1FA441B3A5CF800D68AF4 /* YTCategory.m */ = {isa = PBXFileReference; fileEncoding = 4; lastKnownFileType = sourcecode.c.objc; path = YTCategory.m; sourceTree = "<group>"; };
		04E1FA461B3A5CF800D68AF4 /* YTProvider.h */ = {isa = PBXFileReference; fileEncoding = 4; lastKnownFileType = sourcecode.c.h; path = YTProvider.h; sourceTree = "<group>"; };
		04E1FA471B3A5CF800D68AF4 /* YTProvider.m */ = {isa = PBXFileReference; fileEncoding = 4; lastKnownFileType = sourcecode.c.objc; path = YTProvider.m; sourceTree = "<group>"; };
		04E1FA491B3AB2F300D68AF4 /* NSString+Utility.h */ = {isa = PBXFileReference; fileEncoding = 4; lastKnownFileType = sourcecode.c.h; path = "NSString+Utility.h"; sourceTree = "<group>"; };
		04E1FA4A1B3AB2F300D68AF4 /* NSString+Utility.m */ = {isa = PBXFileReference; fileEncoding = 4; lastKnownFileType = sourcecode.c.objc; path = "NSString+Utility.m"; sourceTree = "<group>"; };
		04E1FA4F1B3ABC0400D68AF4 /* Security.framework */ = {isa = PBXFileReference; lastKnownFileType = wrapper.framework; name = Security.framework; path = System/Library/Frameworks/Security.framework; sourceTree = SDKROOT; };
		04E1FA511B3ABEC000D68AF4 /* SSKeychain.h */ = {isa = PBXFileReference; fileEncoding = 4; lastKnownFileType = sourcecode.c.h; path = SSKeychain.h; sourceTree = "<group>"; };
		04E1FA521B3ABEC000D68AF4 /* SSKeychain.m */ = {isa = PBXFileReference; fileEncoding = 4; lastKnownFileType = sourcecode.c.objc; path = SSKeychain.m; sourceTree = "<group>"; };
		04E23B781B37C08F0097A2D5 /* OnWorld.app */ = {isa = PBXFileReference; explicitFileType = wrapper.application; includeInIndex = 0; path = OnWorld.app; sourceTree = BUILT_PRODUCTS_DIR; };
		04E23B7C1B37C08F0097A2D5 /* Info.plist */ = {isa = PBXFileReference; lastKnownFileType = text.plist.xml; path = Info.plist; sourceTree = "<group>"; };
		04E23B7D1B37C08F0097A2D5 /* main.m */ = {isa = PBXFileReference; lastKnownFileType = sourcecode.c.objc; path = main.m; sourceTree = "<group>"; };
		04E23B7F1B37C08F0097A2D5 /* AppDelegate.h */ = {isa = PBXFileReference; lastKnownFileType = sourcecode.c.h; path = AppDelegate.h; sourceTree = "<group>"; };
		04E23B801B37C08F0097A2D5 /* AppDelegate.m */ = {isa = PBXFileReference; lastKnownFileType = sourcecode.c.objc; path = AppDelegate.m; sourceTree = "<group>"; };
		04E23B831B37C08F0097A2D5 /* OnWorld.xcdatamodel */ = {isa = PBXFileReference; lastKnownFileType = wrapper.xcdatamodel; path = OnWorld.xcdatamodel; sourceTree = "<group>"; };
		04E23B891B37C08F0097A2D5 /* Base */ = {isa = PBXFileReference; lastKnownFileType = file.storyboard; name = Base; path = Base.lproj/Main.storyboard; sourceTree = "<group>"; };
		04E23B8B1B37C08F0097A2D5 /* Images.xcassets */ = {isa = PBXFileReference; lastKnownFileType = folder.assetcatalog; path = Images.xcassets; sourceTree = "<group>"; };
		04E23B8E1B37C08F0097A2D5 /* Base */ = {isa = PBXFileReference; lastKnownFileType = file.xib; name = Base; path = Base.lproj/LaunchScreen.xib; sourceTree = "<group>"; };
		04E23B941B37C08F0097A2D5 /* OnWorldTests.xctest */ = {isa = PBXFileReference; explicitFileType = wrapper.cfbundle; includeInIndex = 0; path = OnWorldTests.xctest; sourceTree = BUILT_PRODUCTS_DIR; };
		04E23B991B37C08F0097A2D5 /* Info.plist */ = {isa = PBXFileReference; lastKnownFileType = text.plist.xml; path = Info.plist; sourceTree = "<group>"; };
		04E23B9A1B37C08F0097A2D5 /* OnWorldTests.m */ = {isa = PBXFileReference; lastKnownFileType = sourcecode.c.objc; path = OnWorldTests.m; sourceTree = "<group>"; };
		04E23BA51B37C0EC0097A2D5 /* OnWorld-Prefix.pch */ = {isa = PBXFileReference; lastKnownFileType = sourcecode.c.h; path = "OnWorld-Prefix.pch"; sourceTree = "<group>"; };
		057883AA109A0B65946A3D87 /* libPods.a */ = {isa = PBXFileReference; explicitFileType = archive.ar; includeInIndex = 0; path = libPods.a; sourceTree = BUILT_PRODUCTS_DIR; };
		D02870C58E4009013CD64688 /* Pods.debug.xcconfig */ = {isa = PBXFileReference; includeInIndex = 1; lastKnownFileType = text.xcconfig; name = Pods.debug.xcconfig; path = "Pods/Target Support Files/Pods/Pods.debug.xcconfig"; sourceTree = "<group>"; };
/* End PBXFileReference section */

/* Begin PBXFrameworksBuildPhase section */
		04E23B751B37C08F0097A2D5 /* Frameworks */ = {
			isa = PBXFrameworksBuildPhase;
			buildActionMask = 2147483647;
			files = (
				04E1FA501B3ABC0400D68AF4 /* Security.framework in Frameworks */,
				99D071B6766AA0DD2E88CCF7 /* libPods.a in Frameworks */,
			);
			runOnlyForDeploymentPostprocessing = 0;
		};
		04E23B911B37C08F0097A2D5 /* Frameworks */ = {
			isa = PBXFrameworksBuildPhase;
			buildActionMask = 2147483647;
			files = (
			);
			runOnlyForDeploymentPostprocessing = 0;
		};
/* End PBXFrameworksBuildPhase section */

/* Begin PBXGroup section */
		040232511B37E5A50093E85C /* CoreData Manager */ = {
			isa = PBXGroup;
			children = (
				04E1FA461B3A5CF800D68AF4 /* YTProvider.h */,
				04E1FA471B3A5CF800D68AF4 /* YTProvider.m */,
				04E1FA431B3A5CF800D68AF4 /* YTCategory.h */,
				04E1FA441B3A5CF800D68AF4 /* YTCategory.m */,
				04E1FA401B3A5CF800D68AF4 /* YTGenre.h */,
				04E1FA411B3A5CF800D68AF4 /* YTGenre.m */,
				04E1FA3D1B3A5CF800D68AF4 /* YTContent.h */,
				04E1FA3E1B3A5CF800D68AF4 /* YTContent.m */,
				04E10FEC1B38EC06001958C3 /* YTCoreDataManager.h */,
				04E23B821B37C08F0097A2D5 /* OnWorld.xcdatamodeld */,
				040232521B37E5CA0093E85C /* YTDataManager.h */,
				040232531B37E5CA0093E85C /* YTDataManager.m */,
			);
			name = "CoreData Manager";
			sourceTree = "<group>";
		};
		040232551B380FF20093E85C /* ViewController */ = {
			isa = PBXGroup;
			children = (
				04E110001B393258001958C3 /* Login */,
				040232561B380FFE0093E85C /* HomeScreen */,
			);
			name = ViewController;
			sourceTree = "<group>";
		};
		040232561B380FFE0093E85C /* HomeScreen */ = {
			isa = PBXGroup;
			children = (
				0402325D1B38110D0093E85C /* SWRevealViewController.h */,
				0402325E1B38110D0093E85C /* SWRevealViewController.m */,
				040232571B3810300093E85C /* YTMainViewController.h */,
				040232581B3810300093E85C /* YTMainViewController.m */,
				04E10FEF1B38EF3F001958C3 /* Side Menu */,
			);
			name = HomeScreen;
			sourceTree = "<group>";
		};
		040232601B381A020093E85C /* StoryBoard */ = {
			isa = PBXGroup;
			children = (
				04E23B881B37C08F0097A2D5 /* Main.storyboard */,
			);
			name = StoryBoard;
			sourceTree = "<group>";
		};
		04E10FDE1B38EB36001958C3 /* App Delegate */ = {
			isa = PBXGroup;
			children = (
				04E23B7F1B37C08F0097A2D5 /* AppDelegate.h */,
				04E23B801B37C08F0097A2D5 /* AppDelegate.m */,
			);
			name = "App Delegate";
			sourceTree = "<group>";
		};
		04E10FEF1B38EF3F001958C3 /* Side Menu */ = {
			isa = PBXGroup;
			children = (
				0402325A1B3810620093E85C /* YTSideViewController.h */,
				0402325B1B3810620093E85C /* YTSideViewController.m */,
				04E10FF01B38EF6F001958C3 /* YTSideViewCell.h */,
				04E10FF11B38EF6F001958C3 /* YTSideViewCell.m */,
				04E10FF21B38EF6F001958C3 /* YTSideViewCell.xib */,
				04E10FFB1B390776001958C3 /* YTSideHeaderViewCell.h */,
				04E10FFC1B390776001958C3 /* YTSideHeaderViewCell.m */,
				04E10FFD1B390776001958C3 /* YTSideHeaderViewCell.xib */,
			);
			name = "Side Menu";
			sourceTree = "<group>";
		};
		04E110001B393258001958C3 /* Login */ = {
			isa = PBXGroup;
			children = (
				04E110011B393279001958C3 /* YTLoginViewController.h */,
				04E110021B393279001958C3 /* YTLoginViewController.m */,
			);
			name = Login;
			sourceTree = "<group>";
		};
		04E1FA121B3A45F800D68AF4 /* Utility */ = {
			isa = PBXGroup;
			children = (
				04E1FA511B3ABEC000D68AF4 /* SSKeychain.h */,
				04E1FA521B3ABEC000D68AF4 /* SSKeychain.m */,
				04E1FA131B3A466E00D68AF4 /* YTOnWorldUtility.h */,
				04E1FA141B3A466E00D68AF4 /* YTOnWorldUtility.m */,
				04E1FA491B3AB2F300D68AF4 /* NSString+Utility.h */,
				04E1FA4A1B3AB2F300D68AF4 /* NSString+Utility.m */,
			);
			name = Utility;
			sourceTree = "<group>";
		};
		04E1FA161B3A46AE00D68AF4 /* Font */ = {
			isa = PBXGroup;
			children = (
				04E1FA171B3A46BC00D68AF4 /* SourceSansPro-Black.otf */,
				04E1FA181B3A46BC00D68AF4 /* SourceSansPro-BlackIt.otf */,
				04E1FA191B3A46BC00D68AF4 /* SourceSansPro-Bold.otf */,
				04E1FA1A1B3A46BC00D68AF4 /* SourceSansPro-BoldIt.otf */,
				04E1FA1B1B3A46BC00D68AF4 /* SourceSansPro-ExtraLight.otf */,
				04E1FA1C1B3A46BC00D68AF4 /* SourceSansPro-ExtraLightIt.otf */,
				04E1FA1D1B3A46BC00D68AF4 /* SourceSansPro-It.otf */,
				04E1FA1E1B3A46BC00D68AF4 /* SourceSansPro-Light.otf */,
				04E1FA1F1B3A46BC00D68AF4 /* SourceSansPro-LightIt.otf */,
				04E1FA201B3A46BC00D68AF4 /* SourceSansPro-Regular.otf */,
				04E1FA211B3A46BC00D68AF4 /* SourceSansPro-Semibold.otf */,
				04E1FA221B3A46BC00D68AF4 /* SourceSansPro-SemiboldIt.otf */,
				04E1FA231B3A46BC00D68AF4 /* UTM BEBAS.TTF */,
			);
			name = Font;
			sourceTree = "<group>";
		};
		04E23B6F1B37C08F0097A2D5 = {
			isa = PBXGroup;
			children = (
				04E23B7A1B37C08F0097A2D5 /* OnWorld */,
				04E23B971B37C08F0097A2D5 /* OnWorldTests */,
				04E23B791B37C08F0097A2D5 /* Products */,
				1466DC379BDAE1A6B7E7A125 /* Frameworks */,
				C767FA648E6F52283A280958 /* Pods */,
			);
			sourceTree = "<group>";
		};
		04E23B791B37C08F0097A2D5 /* Products */ = {
			isa = PBXGroup;
			children = (
				04E23B781B37C08F0097A2D5 /* OnWorld.app */,
				04E23B941B37C08F0097A2D5 /* OnWorldTests.xctest */,
			);
			name = Products;
			sourceTree = "<group>";
		};
		04E23B7A1B37C08F0097A2D5 /* OnWorld */ = {
			isa = PBXGroup;
			children = (
				04E1FA161B3A46AE00D68AF4 /* Font */,
				04E1FA121B3A45F800D68AF4 /* Utility */,
				04E10FDE1B38EB36001958C3 /* App Delegate */,
				040232551B380FF20093E85C /* ViewController */,
				040232511B37E5A50093E85C /* CoreData Manager */,
				04E23BAB1B37C1F90097A2D5 /* Network Manager */,
				040232601B381A020093E85C /* StoryBoard */,
				04E23B8B1B37C08F0097A2D5 /* Images.xcassets */,
				04E23B8D1B37C08F0097A2D5 /* LaunchScreen.xib */,
				04E23B7B1B37C08F0097A2D5 /* Supporting Files */,
			);
			path = OnWorld;
			sourceTree = "<group>";
		};
		04E23B7B1B37C08F0097A2D5 /* Supporting Files */ = {
			isa = PBXGroup;
			children = (
				04E23B7C1B37C08F0097A2D5 /* Info.plist */,
				04E23B7D1B37C08F0097A2D5 /* main.m */,
				04E23BA51B37C0EC0097A2D5 /* OnWorld-Prefix.pch */,
			);
			name = "Supporting Files";
			sourceTree = "<group>";
		};
		04E23B971B37C08F0097A2D5 /* OnWorldTests */ = {
			isa = PBXGroup;
			children = (
				04E23B9A1B37C08F0097A2D5 /* OnWorldTests.m */,
				04E23B981B37C08F0097A2D5 /* Supporting Files */,
			);
			path = OnWorldTests;
			sourceTree = "<group>";
		};
		04E23B981B37C08F0097A2D5 /* Supporting Files */ = {
			isa = PBXGroup;
			children = (
				04E23B991B37C08F0097A2D5 /* Info.plist */,
			);
			name = "Supporting Files";
			sourceTree = "<group>";
		};
		04E23BAB1B37C1F90097A2D5 /* Network Manager */ = {
			isa = PBXGroup;
			children = (
				0402324E1B37E4CC0093E85C /* YTNetWorkManager.h */,
				0402324F1B37E4CC0093E85C /* YTNetWorkManager.m */,
			);
			name = "Network Manager";
			sourceTree = "<group>";
		};
		1466DC379BDAE1A6B7E7A125 /* Frameworks */ = {
			isa = PBXGroup;
			children = (
				04E1FA4F1B3ABC0400D68AF4 /* Security.framework */,
				057883AA109A0B65946A3D87 /* libPods.a */,
			);
			name = Frameworks;
			sourceTree = "<group>";
		};
		C767FA648E6F52283A280958 /* Pods */ = {
			isa = PBXGroup;
			children = (
				D02870C58E4009013CD64688 /* Pods.debug.xcconfig */,
				0064D3D7F78455D032F3572B /* Pods.release.xcconfig */,
			);
			name = Pods;
			sourceTree = "<group>";
		};
/* End PBXGroup section */

/* Begin PBXNativeTarget section */
		04E23B771B37C08F0097A2D5 /* OnWorld */ = {
			isa = PBXNativeTarget;
			buildConfigurationList = 04E23B9E1B37C08F0097A2D5 /* Build configuration list for PBXNativeTarget "OnWorld" */;
			buildPhases = (
				90EFF0470682DB55BADB4385 /* Check Pods Manifest.lock */,
				04E23B741B37C08F0097A2D5 /* Sources */,
				04E23B751B37C08F0097A2D5 /* Frameworks */,
				04E23B761B37C08F0097A2D5 /* Resources */,
				900BB5FE102B7C6927D2A119 /* Copy Pods Resources */,
			);
			buildRules = (
			);
			dependencies = (
			);
			name = OnWorld;
			productName = OnWorld;
			productReference = 04E23B781B37C08F0097A2D5 /* OnWorld.app */;
			productType = "com.apple.product-type.application";
		};
		04E23B931B37C08F0097A2D5 /* OnWorldTests */ = {
			isa = PBXNativeTarget;
			buildConfigurationList = 04E23BA11B37C08F0097A2D5 /* Build configuration list for PBXNativeTarget "OnWorldTests" */;
			buildPhases = (
				04E23B901B37C08F0097A2D5 /* Sources */,
				04E23B911B37C08F0097A2D5 /* Frameworks */,
				04E23B921B37C08F0097A2D5 /* Resources */,
			);
			buildRules = (
			);
			dependencies = (
				04E23B961B37C08F0097A2D5 /* PBXTargetDependency */,
			);
			name = OnWorldTests;
			productName = OnWorldTests;
			productReference = 04E23B941B37C08F0097A2D5 /* OnWorldTests.xctest */;
			productType = "com.apple.product-type.bundle.unit-test";
		};
/* End PBXNativeTarget section */

/* Begin PBXProject section */
		04E23B701B37C08F0097A2D5 /* Project object */ = {
			isa = PBXProject;
			attributes = {
				LastUpgradeCheck = 0630;
				ORGANIZATIONNAME = OnWorld;
				TargetAttributes = {
					04E23B771B37C08F0097A2D5 = {
						CreatedOnToolsVersion = 6.3.2;
						DevelopmentTeam = 2KZS8EDW4F;
					};
					04E23B931B37C08F0097A2D5 = {
						CreatedOnToolsVersion = 6.3.2;
						TestTargetID = 04E23B771B37C08F0097A2D5;
					};
				};
			};
			buildConfigurationList = 04E23B731B37C08F0097A2D5 /* Build configuration list for PBXProject "OnWorld" */;
			compatibilityVersion = "Xcode 3.2";
			developmentRegion = English;
			hasScannedForEncodings = 0;
			knownRegions = (
				en,
				Base,
			);
			mainGroup = 04E23B6F1B37C08F0097A2D5;
			productRefGroup = 04E23B791B37C08F0097A2D5 /* Products */;
			projectDirPath = "";
			projectRoot = "";
			targets = (
				04E23B771B37C08F0097A2D5 /* OnWorld */,
				04E23B931B37C08F0097A2D5 /* OnWorldTests */,
			);
		};
/* End PBXProject section */

/* Begin PBXResourcesBuildPhase section */
		04E23B761B37C08F0097A2D5 /* Resources */ = {
			isa = PBXResourcesBuildPhase;
			buildActionMask = 2147483647;
			files = (
				04E10FF41B38EF6F001958C3 /* YTSideViewCell.xib in Resources */,
				04E1FA241B3A4DB000D68AF4 /* SourceSansPro-Black.otf in Resources */,
				04E1FA3B1B3A4DDC00D68AF4 /* UTM BEBAS.TTF in Resources */,
				04E1FA271B3A4DB700D68AF4 /* SourceSansPro-Bold.otf in Resources */,
				04E1FA251B3A4DB300D68AF4 /* SourceSansPro-BlackIt.otf in Resources */,
				04E1FA371B3A4DD500D68AF4 /* SourceSansPro-Semibold.otf in Resources */,
				04E1FA311B3A4DCA00D68AF4 /* SourceSansPro-Light.otf in Resources */,
				04E1FA351B3A4DD200D68AF4 /* SourceSansPro-Regular.otf in Resources */,
				04E1FA2F1B3A4DC600D68AF4 /* SourceSansPro-It.otf in Resources */,
				04E23B8A1B37C08F0097A2D5 /* Main.storyboard in Resources */,
				04E1FA2B1B3A4DBF00D68AF4 /* SourceSansPro-ExtraLight.otf in Resources */,
				04E10FFF1B390776001958C3 /* YTSideHeaderViewCell.xib in Resources */,
				04E1FA331B3A4DCE00D68AF4 /* SourceSansPro-LightIt.otf in Resources */,
				04E23B8F1B37C08F0097A2D5 /* LaunchScreen.xib in Resources */,
				04E23B8C1B37C08F0097A2D5 /* Images.xcassets in Resources */,
				04E1FA291B3A4DBC00D68AF4 /* SourceSansPro-BoldIt.otf in Resources */,
				04E1FA2D1B3A4DC200D68AF4 /* SourceSansPro-ExtraLightIt.otf in Resources */,
				04E1FA391B3A4DD800D68AF4 /* SourceSansPro-SemiboldIt.otf in Resources */,
			);
			runOnlyForDeploymentPostprocessing = 0;
		};
		04E23B921B37C08F0097A2D5 /* Resources */ = {
			isa = PBXResourcesBuildPhase;
			buildActionMask = 2147483647;
			files = (
				04E1FA321B3A4DCB00D68AF4 /* SourceSansPro-Light.otf in Resources */,
				04E1FA341B3A4DCE00D68AF4 /* SourceSansPro-LightIt.otf in Resources */,
				04E1FA361B3A4DD200D68AF4 /* SourceSansPro-Regular.otf in Resources */,
				04E1FA281B3A4DB700D68AF4 /* SourceSansPro-Bold.otf in Resources */,
				04E1FA381B3A4DD500D68AF4 /* SourceSansPro-Semibold.otf in Resources */,
				04E1FA261B3A4DB400D68AF4 /* SourceSansPro-BlackIt.otf in Resources */,
				04E1FA2A1B3A4DBC00D68AF4 /* SourceSansPro-BoldIt.otf in Resources */,
				04E1FA2E1B3A4DC300D68AF4 /* SourceSansPro-ExtraLightIt.otf in Resources */,
				04E1FA3C1B3A4DDD00D68AF4 /* UTM BEBAS.TTF in Resources */,
				04E1FA301B3A4DC700D68AF4 /* SourceSansPro-It.otf in Resources */,
				04E1FA2C1B3A4DBF00D68AF4 /* SourceSansPro-ExtraLight.otf in Resources */,
				04E1FA3A1B3A4DD900D68AF4 /* SourceSansPro-SemiboldIt.otf in Resources */,
			);
			runOnlyForDeploymentPostprocessing = 0;
		};
/* End PBXResourcesBuildPhase section */

/* Begin PBXShellScriptBuildPhase section */
		900BB5FE102B7C6927D2A119 /* Copy Pods Resources */ = {
			isa = PBXShellScriptBuildPhase;
			buildActionMask = 2147483647;
			files = (
			);
			inputPaths = (
			);
			name = "Copy Pods Resources";
			outputPaths = (
			);
			runOnlyForDeploymentPostprocessing = 0;
			shellPath = /bin/sh;
			shellScript = "\"${SRCROOT}/Pods/Target Support Files/Pods/Pods-resources.sh\"\n";
			showEnvVarsInLog = 0;
		};
		90EFF0470682DB55BADB4385 /* Check Pods Manifest.lock */ = {
			isa = PBXShellScriptBuildPhase;
			buildActionMask = 2147483647;
			files = (
			);
			inputPaths = (
			);
			name = "Check Pods Manifest.lock";
			outputPaths = (
			);
			runOnlyForDeploymentPostprocessing = 0;
			shellPath = /bin/sh;
			shellScript = "diff \"${PODS_ROOT}/../Podfile.lock\" \"${PODS_ROOT}/Manifest.lock\" > /dev/null\nif [[ $? != 0 ]] ; then\n    cat << EOM\nerror: The sandbox is not in sync with the Podfile.lock. Run 'pod install' or update your CocoaPods installation.\nEOM\n    exit 1\nfi\n";
			showEnvVarsInLog = 0;
		};
/* End PBXShellScriptBuildPhase section */

/* Begin PBXSourcesBuildPhase section */
		04E23B741B37C08F0097A2D5 /* Sources */ = {
			isa = PBXSourcesBuildPhase;
			buildActionMask = 2147483647;
			files = (
				04E1FA4B1B3AB2F300D68AF4 /* NSString+Utility.m in Sources */,
				040232501B37E4CC0093E85C /* YTNetWorkManager.m in Sources */,
				04E1FA151B3A466E00D68AF4 /* YTOnWorldUtility.m in Sources */,
				04E23B811B37C08F0097A2D5 /* AppDelegate.m in Sources */,
				04E10FFE1B390776001958C3 /* YTSideHeaderViewCell.m in Sources */,
				04E1FA531B3ABEC000D68AF4 /* SSKeychain.m in Sources */,
				04E110031B393279001958C3 /* YTLoginViewController.m in Sources */,
				0402325C1B3810620093E85C /* YTSideViewController.m in Sources */,
				04E1FA421B3A5CF800D68AF4 /* YTGenre.m in Sources */,
				04E1FA3F1B3A5CF800D68AF4 /* YTContent.m in Sources */,
				04E23B7E1B37C08F0097A2D5 /* main.m in Sources */,
				0402325F1B38110D0093E85C /* SWRevealViewController.m in Sources */,
				04E1FA451B3A5CF800D68AF4 /* YTCategory.m in Sources */,
				040232591B3810300093E85C /* YTMainViewController.m in Sources */,
				04E10FF31B38EF6F001958C3 /* YTSideViewCell.m in Sources */,
				040232541B37E5CA0093E85C /* YTDataManager.m in Sources */,
				04E23B841B37C08F0097A2D5 /* OnWorld.xcdatamodeld in Sources */,
				04E1FA481B3A5CF800D68AF4 /* YTProvider.m in Sources */,
			);
			runOnlyForDeploymentPostprocessing = 0;
		};
		04E23B901B37C08F0097A2D5 /* Sources */ = {
			isa = PBXSourcesBuildPhase;
			buildActionMask = 2147483647;
			files = (
				04E23B9B1B37C08F0097A2D5 /* OnWorldTests.m in Sources */,
			);
			runOnlyForDeploymentPostprocessing = 0;
		};
/* End PBXSourcesBuildPhase section */

/* Begin PBXTargetDependency section */
		04E23B961B37C08F0097A2D5 /* PBXTargetDependency */ = {
			isa = PBXTargetDependency;
			target = 04E23B771B37C08F0097A2D5 /* OnWorld */;
			targetProxy = 04E23B951B37C08F0097A2D5 /* PBXContainerItemProxy */;
		};
/* End PBXTargetDependency section */

/* Begin PBXVariantGroup section */
		04E23B881B37C08F0097A2D5 /* Main.storyboard */ = {
			isa = PBXVariantGroup;
			children = (
				04E23B891B37C08F0097A2D5 /* Base */,
			);
			name = Main.storyboard;
			sourceTree = "<group>";
		};
		04E23B8D1B37C08F0097A2D5 /* LaunchScreen.xib */ = {
			isa = PBXVariantGroup;
			children = (
				04E23B8E1B37C08F0097A2D5 /* Base */,
			);
			name = LaunchScreen.xib;
			sourceTree = "<group>";
		};
/* End PBXVariantGroup section */

/* Begin XCBuildConfiguration section */
		04E23B9C1B37C08F0097A2D5 /* Debug */ = {
			isa = XCBuildConfiguration;
			buildSettings = {
				ALWAYS_SEARCH_USER_PATHS = NO;
				CLANG_CXX_LANGUAGE_STANDARD = "gnu++0x";
				CLANG_CXX_LIBRARY = "libc++";
				CLANG_ENABLE_MODULES = YES;
				CLANG_ENABLE_OBJC_ARC = YES;
				CLANG_WARN_BOOL_CONVERSION = YES;
				CLANG_WARN_CONSTANT_CONVERSION = YES;
				CLANG_WARN_DIRECT_OBJC_ISA_USAGE = YES_ERROR;
				CLANG_WARN_EMPTY_BODY = YES;
				CLANG_WARN_ENUM_CONVERSION = YES;
				CLANG_WARN_INT_CONVERSION = YES;
				CLANG_WARN_OBJC_ROOT_CLASS = YES_ERROR;
				CLANG_WARN_UNREACHABLE_CODE = YES;
				CLANG_WARN__DUPLICATE_METHOD_MATCH = YES;
				"CODE_SIGN_IDENTITY[sdk=iphoneos*]" = "iPhone Developer";
				COPY_PHASE_STRIP = NO;
				DEBUG_INFORMATION_FORMAT = "dwarf-with-dsym";
				ENABLE_STRICT_OBJC_MSGSEND = YES;
				GCC_C_LANGUAGE_STANDARD = gnu99;
				GCC_DYNAMIC_NO_PIC = NO;
				GCC_NO_COMMON_BLOCKS = YES;
				GCC_OPTIMIZATION_LEVEL = 0;
				GCC_PREPROCESSOR_DEFINITIONS = (
					"DEBUG=1",
					"$(inherited)",
				);
				GCC_SYMBOLS_PRIVATE_EXTERN = NO;
				GCC_WARN_64_TO_32_BIT_CONVERSION = YES;
				GCC_WARN_ABOUT_RETURN_TYPE = YES_ERROR;
				GCC_WARN_UNDECLARED_SELECTOR = YES;
				GCC_WARN_UNINITIALIZED_AUTOS = YES_AGGRESSIVE;
				GCC_WARN_UNUSED_FUNCTION = YES;
				GCC_WARN_UNUSED_VARIABLE = YES;
				IPHONEOS_DEPLOYMENT_TARGET = 8.3;
				MTL_ENABLE_DEBUG_INFO = YES;
				ONLY_ACTIVE_ARCH = YES;
				SDKROOT = iphoneos;
				TARGETED_DEVICE_FAMILY = "1,2";
			};
			name = Debug;
		};
		04E23B9D1B37C08F0097A2D5 /* Release */ = {
			isa = XCBuildConfiguration;
			buildSettings = {
				ALWAYS_SEARCH_USER_PATHS = NO;
				CLANG_CXX_LANGUAGE_STANDARD = "gnu++0x";
				CLANG_CXX_LIBRARY = "libc++";
				CLANG_ENABLE_MODULES = YES;
				CLANG_ENABLE_OBJC_ARC = YES;
				CLANG_WARN_BOOL_CONVERSION = YES;
				CLANG_WARN_CONSTANT_CONVERSION = YES;
				CLANG_WARN_DIRECT_OBJC_ISA_USAGE = YES_ERROR;
				CLANG_WARN_EMPTY_BODY = YES;
				CLANG_WARN_ENUM_CONVERSION = YES;
				CLANG_WARN_INT_CONVERSION = YES;
				CLANG_WARN_OBJC_ROOT_CLASS = YES_ERROR;
				CLANG_WARN_UNREACHABLE_CODE = YES;
				CLANG_WARN__DUPLICATE_METHOD_MATCH = YES;
				"CODE_SIGN_IDENTITY[sdk=iphoneos*]" = "iPhone Developer";
				COPY_PHASE_STRIP = NO;
				DEBUG_INFORMATION_FORMAT = "dwarf-with-dsym";
				ENABLE_NS_ASSERTIONS = NO;
				ENABLE_STRICT_OBJC_MSGSEND = YES;
				GCC_C_LANGUAGE_STANDARD = gnu99;
				GCC_NO_COMMON_BLOCKS = YES;
				GCC_WARN_64_TO_32_BIT_CONVERSION = YES;
				GCC_WARN_ABOUT_RETURN_TYPE = YES_ERROR;
				GCC_WARN_UNDECLARED_SELECTOR = YES;
				GCC_WARN_UNINITIALIZED_AUTOS = YES_AGGRESSIVE;
				GCC_WARN_UNUSED_FUNCTION = YES;
				GCC_WARN_UNUSED_VARIABLE = YES;
				IPHONEOS_DEPLOYMENT_TARGET = 8.3;
				MTL_ENABLE_DEBUG_INFO = NO;
				SDKROOT = iphoneos;
				TARGETED_DEVICE_FAMILY = "1,2";
				VALIDATE_PRODUCT = YES;
			};
			name = Release;
		};
		04E23B9F1B37C08F0097A2D5 /* Debug */ = {
			isa = XCBuildConfiguration;
			baseConfigurationReference = D02870C58E4009013CD64688 /* Pods.debug.xcconfig */;
			buildSettings = {
				ASSETCATALOG_COMPILER_APPICON_NAME = AppIcon;
				CODE_SIGN_IDENTITY = "iPhone Developer";
				GCC_PREFIX_HEADER = "OnWorld/OnWorld-Prefix.pch";
				INFOPLIST_FILE = OnWorld/Info.plist;
				LD_RUNPATH_SEARCH_PATHS = "$(inherited) @executable_path/Frameworks";
				PRODUCT_NAME = "$(TARGET_NAME)";
			};
			name = Debug;
		};
		04E23BA01B37C08F0097A2D5 /* Release */ = {
			isa = XCBuildConfiguration;
			baseConfigurationReference = 0064D3D7F78455D032F3572B /* Pods.release.xcconfig */;
			buildSettings = {
				ASSETCATALOG_COMPILER_APPICON_NAME = AppIcon;
				CODE_SIGN_IDENTITY = "iPhone Developer";
				GCC_PREFIX_HEADER = "OnWorld/OnWorld-Prefix.pch";
				INFOPLIST_FILE = OnWorld/Info.plist;
				LD_RUNPATH_SEARCH_PATHS = "$(inherited) @executable_path/Frameworks";
				PRODUCT_NAME = "$(TARGET_NAME)";
			};
			name = Release;
		};
		04E23BA21B37C08F0097A2D5 /* Debug */ = {
			isa = XCBuildConfiguration;
			buildSettings = {
				BUNDLE_LOADER = "$(TEST_HOST)";
				FRAMEWORK_SEARCH_PATHS = (
					"$(SDKROOT)/Developer/Library/Frameworks",
					"$(inherited)",
				);
				GCC_PREPROCESSOR_DEFINITIONS = (
					"DEBUG=1",
					"$(inherited)",
				);
				INFOPLIST_FILE = OnWorldTests/Info.plist;
				LD_RUNPATH_SEARCH_PATHS = "$(inherited) @executable_path/Frameworks @loader_path/Frameworks";
				PRODUCT_NAME = "$(TARGET_NAME)";
				TEST_HOST = "$(BUILT_PRODUCTS_DIR)/OnWorld.app/OnWorld";
			};
			name = Debug;
		};
		04E23BA31B37C08F0097A2D5 /* Release */ = {
			isa = XCBuildConfiguration;
			buildSettings = {
				BUNDLE_LOADER = "$(TEST_HOST)";
				FRAMEWORK_SEARCH_PATHS = (
					"$(SDKROOT)/Developer/Library/Frameworks",
					"$(inherited)",
				);
				INFOPLIST_FILE = OnWorldTests/Info.plist;
				LD_RUNPATH_SEARCH_PATHS = "$(inherited) @executable_path/Frameworks @loader_path/Frameworks";
				PRODUCT_NAME = "$(TARGET_NAME)";
				TEST_HOST = "$(BUILT_PRODUCTS_DIR)/OnWorld.app/OnWorld";
			};
			name = Release;
		};
/* End XCBuildConfiguration section */

/* Begin XCConfigurationList section */
		04E23B731B37C08F0097A2D5 /* Build configuration list for PBXProject "OnWorld" */ = {
			isa = XCConfigurationList;
			buildConfigurations = (
				04E23B9C1B37C08F0097A2D5 /* Debug */,
				04E23B9D1B37C08F0097A2D5 /* Release */,
			);
			defaultConfigurationIsVisible = 0;
			defaultConfigurationName = Release;
		};
		04E23B9E1B37C08F0097A2D5 /* Build configuration list for PBXNativeTarget "OnWorld" */ = {
			isa = XCConfigurationList;
			buildConfigurations = (
				04E23B9F1B37C08F0097A2D5 /* Debug */,
				04E23BA01B37C08F0097A2D5 /* Release */,
			);
			defaultConfigurationIsVisible = 0;
			defaultConfigurationName = Release;
		};
		04E23BA11B37C08F0097A2D5 /* Build configuration list for PBXNativeTarget "OnWorldTests" */ = {
			isa = XCConfigurationList;
			buildConfigurations = (
				04E23BA21B37C08F0097A2D5 /* Debug */,
				04E23BA31B37C08F0097A2D5 /* Release */,
			);
			defaultConfigurationIsVisible = 0;
			defaultConfigurationName = Release;
		};
/* End XCConfigurationList section */

/* Begin XCVersionGroup section */
		04E23B821B37C08F0097A2D5 /* OnWorld.xcdatamodeld */ = {
			isa = XCVersionGroup;
			children = (
				04E23B831B37C08F0097A2D5 /* OnWorld.xcdatamodel */,
			);
			currentVersion = 04E23B831B37C08F0097A2D5 /* OnWorld.xcdatamodel */;
			path = OnWorld.xcdatamodeld;
			sourceTree = "<group>";
			versionGroupType = wrapper.xcdatamodel;
		};
/* End XCVersionGroup section */
	};
	rootObject = 04E23B701B37C08F0097A2D5 /* Project object */;
}
