// !$*UTF8*$!
{
	archiveVersion = 1;
	classes = {
	};
	objectVersion = 46;
	objects = {

/* Begin PBXBuildFile section */
		040232501B37E4CC0093E85C /* YTNetWorkManager.m in Sources */ = {isa = PBXBuildFile; fileRef = 0402324F1B37E4CC0093E85C /* YTNetWorkManager.m */; };
		040232541B37E5CA0093E85C /* YTDataManager.m in Sources */ = {isa = PBXBuildFile; fileRef = 040232531B37E5CA0093E85C /* YTDataManager.m */; };
		040232591B3810300093E85C /* YTMainViewController.m in Sources */ = {isa = PBXBuildFile; fileRef = 040232581B3810300093E85C /* YTMainViewController.m */; };
		0402325C1B3810620093E85C /* YTSideViewController.m in Sources */ = {isa = PBXBuildFile; fileRef = 0402325B1B3810620093E85C /* YTSideViewController.m */; };
		0402325F1B38110D0093E85C /* SWRevealViewController.m in Sources */ = {isa = PBXBuildFile; fileRef = 0402325E1B38110D0093E85C /* SWRevealViewController.m */; };
		040467661B3B9ED5005E58C3 /* DejalActivityView.m in Sources */ = {isa = PBXBuildFile; fileRef = 040467611B3B9ED5005E58C3 /* DejalActivityView.m */; };
		040467671B3B9ED5005E58C3 /* PDKeychainBindings.m in Sources */ = {isa = PBXBuildFile; fileRef = 040467631B3B9ED5005E58C3 /* PDKeychainBindings.m */; };
		040467681B3B9ED5005E58C3 /* PDKeychainBindingsController.m in Sources */ = {isa = PBXBuildFile; fileRef = 040467651B3B9ED5005E58C3 /* PDKeychainBindingsController.m */; };
		04E10FF31B38EF6F001958C3 /* YTSideViewCell.m in Sources */ = {isa = PBXBuildFile; fileRef = 04E10FF11B38EF6F001958C3 /* YTSideViewCell.m */; };
		04E10FF41B38EF6F001958C3 /* YTSideViewCell.xib in Resources */ = {isa = PBXBuildFile; fileRef = 04E10FF21B38EF6F001958C3 /* YTSideViewCell.xib */; };
		04E10FFE1B390776001958C3 /* YTSideHeaderViewCell.m in Sources */ = {isa = PBXBuildFile; fileRef = 04E10FFC1B390776001958C3 /* YTSideHeaderViewCell.m */; };
		04E10FFF1B390776001958C3 /* YTSideHeaderViewCell.xib in Resources */ = {isa = PBXBuildFile; fileRef = 04E10FFD1B390776001958C3 /* YTSideHeaderViewCell.xib */; };
		04E110031B393279001958C3 /* YTLoginViewController.m in Sources */ = {isa = PBXBuildFile; fileRef = 04E110021B393279001958C3 /* YTLoginViewController.m */; };
		04E16E201B43F3F10075F75E /* YTPlayerViewController.m in Sources */ = {isa = PBXBuildFile; fileRef = 04E16E1E1B43F3F10075F75E /* YTPlayerViewController.m */; };
		04E16E211B43F3F10075F75E /* YTPlayerViewController.xib in Resources */ = {isa = PBXBuildFile; fileRef = 04E16E1F1B43F3F10075F75E /* YTPlayerViewController.xib */; };
		04E1A4451B4E2B990052558B /* YTPlayerView.m in Sources */ = {isa = PBXBuildFile; fileRef = 04E1A4441B4E2B990052558B /* YTPlayerView.m */; };
		04E1A44E1B4E5DB80052558B /* MediaPlayer.framework in Frameworks */ = {isa = PBXBuildFile; fileRef = 04E1A44D1B4E5DB80052558B /* MediaPlayer.framework */; };
		04E1A4511B4E67A30052558B /* YTDetail.m in Sources */ = {isa = PBXBuildFile; fileRef = 04E1A4501B4E67A30052558B /* YTDetail.m */; };
		04E1A4541B4E67A40052558B /* YTAdv.m in Sources */ = {isa = PBXBuildFile; fileRef = 04E1A4531B4E67A40052558B /* YTAdv.m */; };
		04E1FA151B3A466E00D68AF4 /* YTOnWorldUtility.m in Sources */ = {isa = PBXBuildFile; fileRef = 04E1FA141B3A466E00D68AF4 /* YTOnWorldUtility.m */; };
		04E1FA241B3A4DB000D68AF4 /* SourceSansPro-Black.otf in Resources */ = {isa = PBXBuildFile; fileRef = 04E1FA171B3A46BC00D68AF4 /* SourceSansPro-Black.otf */; };
		04E1FA251B3A4DB300D68AF4 /* SourceSansPro-BlackIt.otf in Resources */ = {isa = PBXBuildFile; fileRef = 04E1FA181B3A46BC00D68AF4 /* SourceSansPro-BlackIt.otf */; };
		04E1FA261B3A4DB400D68AF4 /* SourceSansPro-BlackIt.otf in Resources */ = {isa = PBXBuildFile; fileRef = 04E1FA181B3A46BC00D68AF4 /* SourceSansPro-BlackIt.otf */; };
		04E1FA271B3A4DB700D68AF4 /* SourceSansPro-Bold.otf in Resources */ = {isa = PBXBuildFile; fileRef = 04E1FA191B3A46BC00D68AF4 /* SourceSansPro-Bold.otf */; };
		04E1FA281B3A4DB700D68AF4 /* SourceSansPro-Bold.otf in Resources */ = {isa = PBXBuildFile; fileRef = 04E1FA191B3A46BC00D68AF4 /* SourceSansPro-Bold.otf */; };
		04E1FA291B3A4DBC00D68AF4 /* SourceSansPro-BoldIt.otf in Resources */ = {isa = PBXBuildFile; fileRef = 04E1FA1A1B3A46BC00D68AF4 /* SourceSansPro-BoldIt.otf */; };
		04E1FA2A1B3A4DBC00D68AF4 /* SourceSansPro-BoldIt.otf in Resources */ = {isa = PBXBuildFile; fileRef = 04E1FA1A1B3A46BC00D68AF4 /* SourceSansPro-BoldIt.otf */; };
		04E1FA2B1B3A4DBF00D68AF4 /* SourceSansPro-ExtraLight.otf in Resources */ = {isa = PBXBuildFile; fileRef = 04E1FA1B1B3A46BC00D68AF4 /* SourceSansPro-ExtraLight.otf */; };
		04E1FA2C1B3A4DBF00D68AF4 /* SourceSansPro-ExtraLight.otf in Resources */ = {isa = PBXBuildFile; fileRef = 04E1FA1B1B3A46BC00D68AF4 /* SourceSansPro-ExtraLight.otf */; };
		04E1FA2D1B3A4DC200D68AF4 /* SourceSansPro-ExtraLightIt.otf in Resources */ = {isa = PBXBuildFile; fileRef = 04E1FA1C1B3A46BC00D68AF4 /* SourceSansPro-ExtraLightIt.otf */; };
		04E1FA2E1B3A4DC300D68AF4 /* SourceSansPro-ExtraLightIt.otf in Resources */ = {isa = PBXBuildFile; fileRef = 04E1FA1C1B3A46BC00D68AF4 /* SourceSansPro-ExtraLightIt.otf */; };
		04E1FA2F1B3A4DC600D68AF4 /* SourceSansPro-It.otf in Resources */ = {isa = PBXBuildFile; fileRef = 04E1FA1D1B3A46BC00D68AF4 /* SourceSansPro-It.otf */; };
		04E1FA301B3A4DC700D68AF4 /* SourceSansPro-It.otf in Resources */ = {isa = PBXBuildFile; fileRef = 04E1FA1D1B3A46BC00D68AF4 /* SourceSansPro-It.otf */; };
		04E1FA311B3A4DCA00D68AF4 /* SourceSansPro-Light.otf in Resources */ = {isa = PBXBuildFile; fileRef = 04E1FA1E1B3A46BC00D68AF4 /* SourceSansPro-Light.otf */; };
		04E1FA321B3A4DCB00D68AF4 /* SourceSansPro-Light.otf in Resources */ = {isa = PBXBuildFile; fileRef = 04E1FA1E1B3A46BC00D68AF4 /* SourceSansPro-Light.otf */; };
		04E1FA331B3A4DCE00D68AF4 /* SourceSansPro-LightIt.otf in Resources */ = {isa = PBXBuildFile; fileRef = 04E1FA1F1B3A46BC00D68AF4 /* SourceSansPro-LightIt.otf */; };
		04E1FA341B3A4DCE00D68AF4 /* SourceSansPro-LightIt.otf in Resources */ = {isa = PBXBuildFile; fileRef = 04E1FA1F1B3A46BC00D68AF4 /* SourceSansPro-LightIt.otf */; };
		04E1FA351B3A4DD200D68AF4 /* SourceSansPro-Regular.otf in Resources */ = {isa = PBXBuildFile; fileRef = 04E1FA201B3A46BC00D68AF4 /* SourceSansPro-Regular.otf */; };
		04E1FA361B3A4DD200D68AF4 /* SourceSansPro-Regular.otf in Resources */ = {isa = PBXBuildFile; fileRef = 04E1FA201B3A46BC00D68AF4 /* SourceSansPro-Regular.otf */; };
		04E1FA371B3A4DD500D68AF4 /* SourceSansPro-Semibold.otf in Resources */ = {isa = PBXBuildFile; fileRef = 04E1FA211B3A46BC00D68AF4 /* SourceSansPro-Semibold.otf */; };
		04E1FA381B3A4DD500D68AF4 /* SourceSansPro-Semibold.otf in Resources */ = {isa = PBXBuildFile; fileRef = 04E1FA211B3A46BC00D68AF4 /* SourceSansPro-Semibold.otf */; };
		04E1FA391B3A4DD800D68AF4 /* SourceSansPro-SemiboldIt.otf in Resources */ = {isa = PBXBuildFile; fileRef = 04E1FA221B3A46BC00D68AF4 /* SourceSansPro-SemiboldIt.otf */; };
		04E1FA3A1B3A4DD900D68AF4 /* SourceSansPro-SemiboldIt.otf in Resources */ = {isa = PBXBuildFile; fileRef = 04E1FA221B3A46BC00D68AF4 /* SourceSansPro-SemiboldIt.otf */; };
		04E1FA3B1B3A4DDC00D68AF4 /* UTM BEBAS.TTF in Resources */ = {isa = PBXBuildFile; fileRef = 04E1FA231B3A46BC00D68AF4 /* UTM BEBAS.TTF */; };
		04E1FA3C1B3A4DDD00D68AF4 /* UTM BEBAS.TTF in Resources */ = {isa = PBXBuildFile; fileRef = 04E1FA231B3A46BC00D68AF4 /* UTM BEBAS.TTF */; };
		04E1FA4B1B3AB2F300D68AF4 /* NSString+Utility.m in Sources */ = {isa = PBXBuildFile; fileRef = 04E1FA4A1B3AB2F300D68AF4 /* NSString+Utility.m */; };
		04E1FA501B3ABC0400D68AF4 /* Security.framework in Frameworks */ = {isa = PBXBuildFile; fileRef = 04E1FA4F1B3ABC0400D68AF4 /* Security.framework */; };
		04E23B7E1B37C08F0097A2D5 /* main.m in Sources */ = {isa = PBXBuildFile; fileRef = 04E23B7D1B37C08F0097A2D5 /* main.m */; };
		04E23B811B37C08F0097A2D5 /* AppDelegate.m in Sources */ = {isa = PBXBuildFile; fileRef = 04E23B801B37C08F0097A2D5 /* AppDelegate.m */; };
		04E23B841B37C08F0097A2D5 /* OnWorld.xcdatamodeld in Sources */ = {isa = PBXBuildFile; fileRef = 04E23B821B37C08F0097A2D5 /* OnWorld.xcdatamodeld */; };
		04E23B8A1B37C08F0097A2D5 /* Main.storyboard in Resources */ = {isa = PBXBuildFile; fileRef = 04E23B881B37C08F0097A2D5 /* Main.storyboard */; };
		04E23B8C1B37C08F0097A2D5 /* Images.xcassets in Resources */ = {isa = PBXBuildFile; fileRef = 04E23B8B1B37C08F0097A2D5 /* Images.xcassets */; };
		04E23B8F1B37C08F0097A2D5 /* LaunchScreen.xib in Resources */ = {isa = PBXBuildFile; fileRef = 04E23B8D1B37C08F0097A2D5 /* LaunchScreen.xib */; };
		04E23B9B1B37C08F0097A2D5 /* OnWorldTests.m in Sources */ = {isa = PBXBuildFile; fileRef = 04E23B9A1B37C08F0097A2D5 /* OnWorldTests.m */; };
		04E8A9741B4A70F300B63C46 /* YTContent.m in Sources */ = {isa = PBXBuildFile; fileRef = 04E8A9731B4A70F300B63C46 /* YTContent.m */; };
		04E8A9771B4A70F400B63C46 /* YTDirector.m in Sources */ = {isa = PBXBuildFile; fileRef = 04E8A9761B4A70F400B63C46 /* YTDirector.m */; };
		04E8A97A1B4A70F400B63C46 /* YTActor.m in Sources */ = {isa = PBXBuildFile; fileRef = 04E8A9791B4A70F400B63C46 /* YTActor.m */; };
		04E8A9801B4A70F400B63C46 /* YTEpisodes.m in Sources */ = {isa = PBXBuildFile; fileRef = 04E8A97F1B4A70F400B63C46 /* YTEpisodes.m */; };
		04E8A9831B4A70F400B63C46 /* YTCategory.m in Sources */ = {isa = PBXBuildFile; fileRef = 04E8A9821B4A70F400B63C46 /* YTCategory.m */; };
		04E8A9861B4A70F400B63C46 /* YTTimeline.m in Sources */ = {isa = PBXBuildFile; fileRef = 04E8A9851B4A70F400B63C46 /* YTTimeline.m */; };
		04E8A9891B4A70F400B63C46 /* YTProvider.m in Sources */ = {isa = PBXBuildFile; fileRef = 04E8A9881B4A70F400B63C46 /* YTProvider.m */; };
		04E8A98C1B4A70F400B63C46 /* YTTag.m in Sources */ = {isa = PBXBuildFile; fileRef = 04E8A98B1B4A70F400B63C46 /* YTTag.m */; };
		04E8A98F1B4A70F500B63C46 /* YTGenre.m in Sources */ = {isa = PBXBuildFile; fileRef = 04E8A98E1B4A70F500B63C46 /* YTGenre.m */; };
		04E8A9921B4A70F500B63C46 /* YTCountry.m in Sources */ = {isa = PBXBuildFile; fileRef = 04E8A9911B4A70F500B63C46 /* YTCountry.m */; };
		04EAA6821B4B67260099BE8E /* YTSearchViewCell.m in Sources */ = {isa = PBXBuildFile; fileRef = 04EAA6801B4B67260099BE8E /* YTSearchViewCell.m */; };
		04EAA6831B4B67260099BE8E /* YTSearchViewCell.xib in Resources */ = {isa = PBXBuildFile; fileRef = 04EAA6811B4B67260099BE8E /* YTSearchViewCell.xib */; };
		04ED438B1B40FB6D00BCC82E /* YTGirdItemCell.xib in Resources */ = {isa = PBXBuildFile; fileRef = 04ED438A1B40FB6D00BCC82E /* YTGirdItemCell.xib */; };
		04EE62C11B42795A00AB6FCD /* YTMoreViewController.m in Sources */ = {isa = PBXBuildFile; fileRef = 04EE62C01B42795A00AB6FCD /* YTMoreViewController.m */; };
		04EE62C51B427A5D00AB6FCD /* YTCategoryController.m in Sources */ = {isa = PBXBuildFile; fileRef = 04EE62C41B427A5D00AB6FCD /* YTCategoryController.m */; };
		04EE62CB1B427AB200AB6FCD /* YTTableViewCell.m in Sources */ = {isa = PBXBuildFile; fileRef = 04EE62C81B427AB200AB6FCD /* YTTableViewCell.m */; };
		04EE62CC1B427AB200AB6FCD /* YTTableViewController.m in Sources */ = {isa = PBXBuildFile; fileRef = 04EE62CA1B427AB200AB6FCD /* YTTableViewController.m */; };
		04EE62D01B4288A000AB6FCD /* YTTableHeaderCell.m in Sources */ = {isa = PBXBuildFile; fileRef = 04EE62CE1B4288A000AB6FCD /* YTTableHeaderCell.m */; };
		04EE62D11B4288A000AB6FCD /* YTTableHeaderCell.xib in Resources */ = {isa = PBXBuildFile; fileRef = 04EE62CF1B4288A000AB6FCD /* YTTableHeaderCell.xib */; };
		04EE8A811B44CE45004133A5 /* YTContentDetailViewController.m in Sources */ = {isa = PBXBuildFile; fileRef = 04EE8A801B44CE45004133A5 /* YTContentDetailViewController.m */; };
		04EE8A861B44D0D0004133A5 /* YTTimelineViewController.m in Sources */ = {isa = PBXBuildFile; fileRef = 04EE8A841B44D0D0004133A5 /* YTTimelineViewController.m */; };
		04EE8A871B44D0D0004133A5 /* YTTimelineViewController.xib in Resources */ = {isa = PBXBuildFile; fileRef = 04EE8A851B44D0D0004133A5 /* YTTimelineViewController.xib */; };
		04EE8A8B1B44D171004133A5 /* YTDetailViewController.m in Sources */ = {isa = PBXBuildFile; fileRef = 04EE8A891B44D171004133A5 /* YTDetailViewController.m */; };
		04EE8A8C1B44D171004133A5 /* YTDetailViewController.xib in Resources */ = {isa = PBXBuildFile; fileRef = 04EE8A8A1B44D171004133A5 /* YTDetailViewController.xib */; };
		04EE8A901B44E5DB004133A5 /* YTEpisodesViewCell.m in Sources */ = {isa = PBXBuildFile; fileRef = 04EE8A8E1B44E5DB004133A5 /* YTEpisodesViewCell.m */; };
		04EE8A911B44E5DB004133A5 /* YTEpisodesViewCell.xib in Resources */ = {isa = PBXBuildFile; fileRef = 04EE8A8F1B44E5DB004133A5 /* YTEpisodesViewCell.xib */; };
		04EE8A951B44E5ED004133A5 /* YTTimelineViewCell.m in Sources */ = {isa = PBXBuildFile; fileRef = 04EE8A931B44E5ED004133A5 /* YTTimelineViewCell.m */; };
		04EE8A961B44E5ED004133A5 /* YTTimelineViewCell.xib in Resources */ = {isa = PBXBuildFile; fileRef = 04EE8A941B44E5ED004133A5 /* YTTimelineViewCell.xib */; };
		04EE8A9A1B44F3AE004133A5 /* YTEpisodesViewController.m in Sources */ = {isa = PBXBuildFile; fileRef = 04EE8A991B44F3AE004133A5 /* YTEpisodesViewController.m */; };
		04EE8A9D1B4517D5004133A5 /* YTTimelineTableview.m in Sources */ = {isa = PBXBuildFile; fileRef = 04EE8A9C1B4517D5004133A5 /* YTTimelineTableview.m */; };
		04EE8AA21B4526A9004133A5 /* YTRelativeViewController.m in Sources */ = {isa = PBXBuildFile; fileRef = 04EE8AA01B4526A9004133A5 /* YTRelativeViewController.m */; };
		04EE8AA31B4526A9004133A5 /* YTRelativeViewController.xib in Resources */ = {isa = PBXBuildFile; fileRef = 04EE8AA11B4526A9004133A5 /* YTRelativeViewController.xib */; };
		04F0AEC51B3BF51300615D90 /* YTHomeViewController.m in Sources */ = {isa = PBXBuildFile; fileRef = 04F0AEC31B3BF51300615D90 /* YTHomeViewController.m */; };
		04F0AEC61B3BF51300615D90 /* YTHomeViewController.xib in Resources */ = {isa = PBXBuildFile; fileRef = 04F0AEC41B3BF51300615D90 /* YTHomeViewController.xib */; };
		04F0AED31B3C0D7B00615D90 /* download.jpeg in Resources */ = {isa = PBXBuildFile; fileRef = 04F0AED21B3C0D7B00615D90 /* download.jpeg */; };
		04FC895F1B3D462700C496A8 /* YTGirdViewLayoutCustom.m in Sources */ = {isa = PBXBuildFile; fileRef = 04FC895E1B3D462700C496A8 /* YTGirdViewLayoutCustom.m */; };
		04FC89631B3D465100C496A8 /* YTGridViewController.m in Sources */ = {isa = PBXBuildFile; fileRef = 04FC89611B3D465100C496A8 /* YTGridViewController.m */; };
		04FC89641B3D465100C496A8 /* YTGridViewController.xib in Resources */ = {isa = PBXBuildFile; fileRef = 04FC89621B3D465100C496A8 /* YTGridViewController.xib */; };
		04FC89671B3D468A00C496A8 /* YTGirdItemCell.m in Sources */ = {isa = PBXBuildFile; fileRef = 04FC89661B3D468A00C496A8 /* YTGirdItemCell.m */; };
		04FC896F1B3D677100C496A8 /* CoreGraphics.framework in Frameworks */ = {isa = PBXBuildFile; fileRef = 04FC896E1B3D677100C496A8 /* CoreGraphics.framework */; };
		99D071B6766AA0DD2E88CCF7 /* libPods.a in Frameworks */ = {isa = PBXBuildFile; fileRef = 057883AA109A0B65946A3D87 /* libPods.a */; };
/* End PBXBuildFile section */

/* Begin PBXContainerItemProxy section */
		04E23B951B37C08F0097A2D5 /* PBXContainerItemProxy */ = {
			isa = PBXContainerItemProxy;
			containerPortal = 04E23B701B37C08F0097A2D5 /* Project object */;
			proxyType = 1;
			remoteGlobalIDString = 04E23B771B37C08F0097A2D5;
			remoteInfo = OnWorld;
		};
/* End PBXContainerItemProxy section */

/* Begin PBXFileReference section */
		0064D3D7F78455D032F3572B /* Pods.release.xcconfig */ = {isa = PBXFileReference; includeInIndex = 1; lastKnownFileType = text.xcconfig; name = Pods.release.xcconfig; path = "Pods/Target Support Files/Pods/Pods.release.xcconfig"; sourceTree = "<group>"; };
		0402324E1B37E4CC0093E85C /* YTNetWorkManager.h */ = {isa = PBXFileReference; fileEncoding = 4; lastKnownFileType = sourcecode.c.h; path = YTNetWorkManager.h; sourceTree = "<group>"; };
		0402324F1B37E4CC0093E85C /* YTNetWorkManager.m */ = {isa = PBXFileReference; fileEncoding = 4; lastKnownFileType = sourcecode.c.objc; path = YTNetWorkManager.m; sourceTree = "<group>"; };
		040232521B37E5CA0093E85C /* YTDataManager.h */ = {isa = PBXFileReference; fileEncoding = 4; lastKnownFileType = sourcecode.c.h; path = YTDataManager.h; sourceTree = "<group>"; };
		040232531B37E5CA0093E85C /* YTDataManager.m */ = {isa = PBXFileReference; fileEncoding = 4; lastKnownFileType = sourcecode.c.objc; path = YTDataManager.m; sourceTree = "<group>"; };
		040232571B3810300093E85C /* YTMainViewController.h */ = {isa = PBXFileReference; fileEncoding = 4; lastKnownFileType = sourcecode.c.h; path = YTMainViewController.h; sourceTree = "<group>"; };
		040232581B3810300093E85C /* YTMainViewController.m */ = {isa = PBXFileReference; fileEncoding = 4; lastKnownFileType = sourcecode.c.objc; path = YTMainViewController.m; sourceTree = "<group>"; };
		0402325A1B3810620093E85C /* YTSideViewController.h */ = {isa = PBXFileReference; fileEncoding = 4; lastKnownFileType = sourcecode.c.h; path = YTSideViewController.h; sourceTree = "<group>"; };
		0402325B1B3810620093E85C /* YTSideViewController.m */ = {isa = PBXFileReference; fileEncoding = 4; lastKnownFileType = sourcecode.c.objc; path = YTSideViewController.m; sourceTree = "<group>"; };
		0402325D1B38110D0093E85C /* SWRevealViewController.h */ = {isa = PBXFileReference; fileEncoding = 4; lastKnownFileType = sourcecode.c.h; path = SWRevealViewController.h; sourceTree = "<group>"; };
		0402325E1B38110D0093E85C /* SWRevealViewController.m */ = {isa = PBXFileReference; fileEncoding = 4; lastKnownFileType = sourcecode.c.objc; path = SWRevealViewController.m; sourceTree = "<group>"; };
		040467601B3B9ED5005E58C3 /* DejalActivityView.h */ = {isa = PBXFileReference; fileEncoding = 4; lastKnownFileType = sourcecode.c.h; path = DejalActivityView.h; sourceTree = "<group>"; };
		040467611B3B9ED5005E58C3 /* DejalActivityView.m */ = {isa = PBXFileReference; fileEncoding = 4; lastKnownFileType = sourcecode.c.objc; path = DejalActivityView.m; sourceTree = "<group>"; };
		040467621B3B9ED5005E58C3 /* PDKeychainBindings.h */ = {isa = PBXFileReference; fileEncoding = 4; lastKnownFileType = sourcecode.c.h; path = PDKeychainBindings.h; sourceTree = "<group>"; };
		040467631B3B9ED5005E58C3 /* PDKeychainBindings.m */ = {isa = PBXFileReference; fileEncoding = 4; lastKnownFileType = sourcecode.c.objc; path = PDKeychainBindings.m; sourceTree = "<group>"; };
		040467641B3B9ED5005E58C3 /* PDKeychainBindingsController.h */ = {isa = PBXFileReference; fileEncoding = 4; lastKnownFileType = sourcecode.c.h; path = PDKeychainBindingsController.h; sourceTree = "<group>"; };
		040467651B3B9ED5005E58C3 /* PDKeychainBindingsController.m */ = {isa = PBXFileReference; fileEncoding = 4; lastKnownFileType = sourcecode.c.objc; path = PDKeychainBindingsController.m; sourceTree = "<group>"; };
		040467691B3BA349005E58C3 /* YTConstant.h */ = {isa = PBXFileReference; fileEncoding = 4; lastKnownFileType = sourcecode.c.h; path = YTConstant.h; sourceTree = "<group>"; };
		04E10FEC1B38EC06001958C3 /* YTCoreDataManager.h */ = {isa = PBXFileReference; fileEncoding = 4; lastKnownFileType = sourcecode.c.h; path = YTCoreDataManager.h; sourceTree = "<group>"; };
		04E10FF01B38EF6F001958C3 /* YTSideViewCell.h */ = {isa = PBXFileReference; fileEncoding = 4; lastKnownFileType = sourcecode.c.h; path = YTSideViewCell.h; sourceTree = "<group>"; };
		04E10FF11B38EF6F001958C3 /* YTSideViewCell.m */ = {isa = PBXFileReference; fileEncoding = 4; lastKnownFileType = sourcecode.c.objc; path = YTSideViewCell.m; sourceTree = "<group>"; };
		04E10FF21B38EF6F001958C3 /* YTSideViewCell.xib */ = {isa = PBXFileReference; fileEncoding = 4; lastKnownFileType = file.xib; path = YTSideViewCell.xib; sourceTree = "<group>"; };
		04E10FFB1B390776001958C3 /* YTSideHeaderViewCell.h */ = {isa = PBXFileReference; fileEncoding = 4; lastKnownFileType = sourcecode.c.h; path = YTSideHeaderViewCell.h; sourceTree = "<group>"; };
		04E10FFC1B390776001958C3 /* YTSideHeaderViewCell.m */ = {isa = PBXFileReference; fileEncoding = 4; lastKnownFileType = sourcecode.c.objc; path = YTSideHeaderViewCell.m; sourceTree = "<group>"; };
		04E10FFD1B390776001958C3 /* YTSideHeaderViewCell.xib */ = {isa = PBXFileReference; fileEncoding = 4; lastKnownFileType = file.xib; path = YTSideHeaderViewCell.xib; sourceTree = "<group>"; };
		04E110011B393279001958C3 /* YTLoginViewController.h */ = {isa = PBXFileReference; fileEncoding = 4; lastKnownFileType = sourcecode.c.h; path = YTLoginViewController.h; sourceTree = "<group>"; };
		04E110021B393279001958C3 /* YTLoginViewController.m */ = {isa = PBXFileReference; fileEncoding = 4; lastKnownFileType = sourcecode.c.objc; path = YTLoginViewController.m; sourceTree = "<group>"; };
		04E16E1D1B43F3F10075F75E /* YTPlayerViewController.h */ = {isa = PBXFileReference; fileEncoding = 4; lastKnownFileType = sourcecode.c.h; path = YTPlayerViewController.h; sourceTree = "<group>"; };
		04E16E1E1B43F3F10075F75E /* YTPlayerViewController.m */ = {isa = PBXFileReference; fileEncoding = 4; lastKnownFileType = sourcecode.c.objc; path = YTPlayerViewController.m; sourceTree = "<group>"; };
		04E16E1F1B43F3F10075F75E /* YTPlayerViewController.xib */ = {isa = PBXFileReference; fileEncoding = 4; lastKnownFileType = file.xib; path = YTPlayerViewController.xib; sourceTree = "<group>"; };
		04E1A4431B4E2B990052558B /* YTPlayerView.h */ = {isa = PBXFileReference; fileEncoding = 4; lastKnownFileType = sourcecode.c.h; path = YTPlayerView.h; sourceTree = "<group>"; };
		04E1A4441B4E2B990052558B /* YTPlayerView.m */ = {isa = PBXFileReference; fileEncoding = 4; lastKnownFileType = sourcecode.c.objc; path = YTPlayerView.m; sourceTree = "<group>"; };
		04E1A44D1B4E5DB80052558B /* MediaPlayer.framework */ = {isa = PBXFileReference; lastKnownFileType = wrapper.framework; name = MediaPlayer.framework; path = System/Library/Frameworks/MediaPlayer.framework; sourceTree = SDKROOT; };
		04E1A44F1B4E67A30052558B /* YTDetail.h */ = {isa = PBXFileReference; fileEncoding = 4; lastKnownFileType = sourcecode.c.h; path = YTDetail.h; sourceTree = "<group>"; };
		04E1A4501B4E67A30052558B /* YTDetail.m */ = {isa = PBXFileReference; fileEncoding = 4; lastKnownFileType = sourcecode.c.objc; path = YTDetail.m; sourceTree = "<group>"; };
		04E1A4521B4E67A40052558B /* YTAdv.h */ = {isa = PBXFileReference; fileEncoding = 4; lastKnownFileType = sourcecode.c.h; path = YTAdv.h; sourceTree = "<group>"; };
		04E1A4531B4E67A40052558B /* YTAdv.m */ = {isa = PBXFileReference; fileEncoding = 4; lastKnownFileType = sourcecode.c.objc; path = YTAdv.m; sourceTree = "<group>"; };
		04E1FA131B3A466E00D68AF4 /* YTOnWorldUtility.h */ = {isa = PBXFileReference; fileEncoding = 4; lastKnownFileType = sourcecode.c.h; path = YTOnWorldUtility.h; sourceTree = "<group>"; };
		04E1FA141B3A466E00D68AF4 /* YTOnWorldUtility.m */ = {isa = PBXFileReference; fileEncoding = 4; lastKnownFileType = sourcecode.c.objc; path = YTOnWorldUtility.m; sourceTree = "<group>"; };
		04E1FA171B3A46BC00D68AF4 /* SourceSansPro-Black.otf */ = {isa = PBXFileReference; lastKnownFileType = file; path = "SourceSansPro-Black.otf"; sourceTree = "<group>"; };
		04E1FA181B3A46BC00D68AF4 /* SourceSansPro-BlackIt.otf */ = {isa = PBXFileReference; lastKnownFileType = file; path = "SourceSansPro-BlackIt.otf"; sourceTree = "<group>"; };
		04E1FA191B3A46BC00D68AF4 /* SourceSansPro-Bold.otf */ = {isa = PBXFileReference; lastKnownFileType = file; path = "SourceSansPro-Bold.otf"; sourceTree = "<group>"; };
		04E1FA1A1B3A46BC00D68AF4 /* SourceSansPro-BoldIt.otf */ = {isa = PBXFileReference; lastKnownFileType = file; path = "SourceSansPro-BoldIt.otf"; sourceTree = "<group>"; };
		04E1FA1B1B3A46BC00D68AF4 /* SourceSansPro-ExtraLight.otf */ = {isa = PBXFileReference; lastKnownFileType = file; path = "SourceSansPro-ExtraLight.otf"; sourceTree = "<group>"; };
		04E1FA1C1B3A46BC00D68AF4 /* SourceSansPro-ExtraLightIt.otf */ = {isa = PBXFileReference; lastKnownFileType = file; path = "SourceSansPro-ExtraLightIt.otf"; sourceTree = "<group>"; };
		04E1FA1D1B3A46BC00D68AF4 /* SourceSansPro-It.otf */ = {isa = PBXFileReference; lastKnownFileType = file; path = "SourceSansPro-It.otf"; sourceTree = "<group>"; };
		04E1FA1E1B3A46BC00D68AF4 /* SourceSansPro-Light.otf */ = {isa = PBXFileReference; lastKnownFileType = file; path = "SourceSansPro-Light.otf"; sourceTree = "<group>"; };
		04E1FA1F1B3A46BC00D68AF4 /* SourceSansPro-LightIt.otf */ = {isa = PBXFileReference; lastKnownFileType = file; path = "SourceSansPro-LightIt.otf"; sourceTree = "<group>"; };
		04E1FA201B3A46BC00D68AF4 /* SourceSansPro-Regular.otf */ = {isa = PBXFileReference; lastKnownFileType = file; path = "SourceSansPro-Regular.otf"; sourceTree = "<group>"; };
		04E1FA211B3A46BC00D68AF4 /* SourceSansPro-Semibold.otf */ = {isa = PBXFileReference; lastKnownFileType = file; path = "SourceSansPro-Semibold.otf"; sourceTree = "<group>"; };
		04E1FA221B3A46BC00D68AF4 /* SourceSansPro-SemiboldIt.otf */ = {isa = PBXFileReference; lastKnownFileType = file; path = "SourceSansPro-SemiboldIt.otf"; sourceTree = "<group>"; };
		04E1FA231B3A46BC00D68AF4 /* UTM BEBAS.TTF */ = {isa = PBXFileReference; lastKnownFileType = file; path = "UTM BEBAS.TTF"; sourceTree = "<group>"; };
		04E1FA491B3AB2F300D68AF4 /* NSString+Utility.h */ = {isa = PBXFileReference; fileEncoding = 4; lastKnownFileType = sourcecode.c.h; path = "NSString+Utility.h"; sourceTree = "<group>"; };
		04E1FA4A1B3AB2F300D68AF4 /* NSString+Utility.m */ = {isa = PBXFileReference; fileEncoding = 4; lastKnownFileType = sourcecode.c.objc; path = "NSString+Utility.m"; sourceTree = "<group>"; };
		04E1FA4F1B3ABC0400D68AF4 /* Security.framework */ = {isa = PBXFileReference; lastKnownFileType = wrapper.framework; name = Security.framework; path = System/Library/Frameworks/Security.framework; sourceTree = SDKROOT; };
		04E23B781B37C08F0097A2D5 /* OnWorld.app */ = {isa = PBXFileReference; explicitFileType = wrapper.application; includeInIndex = 0; path = OnWorld.app; sourceTree = BUILT_PRODUCTS_DIR; };
		04E23B7C1B37C08F0097A2D5 /* Info.plist */ = {isa = PBXFileReference; lastKnownFileType = text.plist.xml; path = Info.plist; sourceTree = "<group>"; };
		04E23B7D1B37C08F0097A2D5 /* main.m */ = {isa = PBXFileReference; lastKnownFileType = sourcecode.c.objc; path = main.m; sourceTree = "<group>"; };
		04E23B7F1B37C08F0097A2D5 /* AppDelegate.h */ = {isa = PBXFileReference; lastKnownFileType = sourcecode.c.h; path = AppDelegate.h; sourceTree = "<group>"; };
		04E23B801B37C08F0097A2D5 /* AppDelegate.m */ = {isa = PBXFileReference; lastKnownFileType = sourcecode.c.objc; path = AppDelegate.m; sourceTree = "<group>"; };
		04E23B831B37C08F0097A2D5 /* OnWorld.xcdatamodel */ = {isa = PBXFileReference; lastKnownFileType = wrapper.xcdatamodel; path = OnWorld.xcdatamodel; sourceTree = "<group>"; };
		04E23B891B37C08F0097A2D5 /* Base */ = {isa = PBXFileReference; lastKnownFileType = file.storyboard; name = Base; path = Base.lproj/Main.storyboard; sourceTree = "<group>"; };
		04E23B8B1B37C08F0097A2D5 /* Images.xcassets */ = {isa = PBXFileReference; lastKnownFileType = folder.assetcatalog; path = Images.xcassets; sourceTree = "<group>"; };
		04E23B8E1B37C08F0097A2D5 /* Base */ = {isa = PBXFileReference; lastKnownFileType = file.xib; name = Base; path = Base.lproj/LaunchScreen.xib; sourceTree = "<group>"; };
		04E23B941B37C08F0097A2D5 /* OnWorldTests.xctest */ = {isa = PBXFileReference; explicitFileType = wrapper.cfbundle; includeInIndex = 0; path = OnWorldTests.xctest; sourceTree = BUILT_PRODUCTS_DIR; };
		04E23B991B37C08F0097A2D5 /* Info.plist */ = {isa = PBXFileReference; lastKnownFileType = text.plist.xml; path = Info.plist; sourceTree = "<group>"; };
		04E23B9A1B37C08F0097A2D5 /* OnWorldTests.m */ = {isa = PBXFileReference; lastKnownFileType = sourcecode.c.objc; path = OnWorldTests.m; sourceTree = "<group>"; };
		04E23BA51B37C0EC0097A2D5 /* OnWorld-Prefix.pch */ = {isa = PBXFileReference; lastKnownFileType = sourcecode.c.h; path = "OnWorld-Prefix.pch"; sourceTree = "<group>"; };
		04E8A9721B4A70F300B63C46 /* YTContent.h */ = {isa = PBXFileReference; fileEncoding = 4; lastKnownFileType = sourcecode.c.h; path = YTContent.h; sourceTree = "<group>"; };
		04E8A9731B4A70F300B63C46 /* YTContent.m */ = {isa = PBXFileReference; fileEncoding = 4; lastKnownFileType = sourcecode.c.objc; path = YTContent.m; sourceTree = "<group>"; };
		04E8A9751B4A70F400B63C46 /* YTDirector.h */ = {isa = PBXFileReference; fileEncoding = 4; lastKnownFileType = sourcecode.c.h; path = YTDirector.h; sourceTree = "<group>"; };
		04E8A9761B4A70F400B63C46 /* YTDirector.m */ = {isa = PBXFileReference; fileEncoding = 4; lastKnownFileType = sourcecode.c.objc; path = YTDirector.m; sourceTree = "<group>"; };
		04E8A9781B4A70F400B63C46 /* YTActor.h */ = {isa = PBXFileReference; fileEncoding = 4; lastKnownFileType = sourcecode.c.h; path = YTActor.h; sourceTree = "<group>"; };
		04E8A9791B4A70F400B63C46 /* YTActor.m */ = {isa = PBXFileReference; fileEncoding = 4; lastKnownFileType = sourcecode.c.objc; path = YTActor.m; sourceTree = "<group>"; };
		04E8A97E1B4A70F400B63C46 /* YTEpisodes.h */ = {isa = PBXFileReference; fileEncoding = 4; lastKnownFileType = sourcecode.c.h; path = YTEpisodes.h; sourceTree = "<group>"; };
		04E8A97F1B4A70F400B63C46 /* YTEpisodes.m */ = {isa = PBXFileReference; fileEncoding = 4; lastKnownFileType = sourcecode.c.objc; path = YTEpisodes.m; sourceTree = "<group>"; };
		04E8A9811B4A70F400B63C46 /* YTCategory.h */ = {isa = PBXFileReference; fileEncoding = 4; lastKnownFileType = sourcecode.c.h; path = YTCategory.h; sourceTree = "<group>"; };
		04E8A9821B4A70F400B63C46 /* YTCategory.m */ = {isa = PBXFileReference; fileEncoding = 4; lastKnownFileType = sourcecode.c.objc; path = YTCategory.m; sourceTree = "<group>"; };
		04E8A9841B4A70F400B63C46 /* YTTimeline.h */ = {isa = PBXFileReference; fileEncoding = 4; lastKnownFileType = sourcecode.c.h; path = YTTimeline.h; sourceTree = "<group>"; };
		04E8A9851B4A70F400B63C46 /* YTTimeline.m */ = {isa = PBXFileReference; fileEncoding = 4; lastKnownFileType = sourcecode.c.objc; path = YTTimeline.m; sourceTree = "<group>"; };
		04E8A9871B4A70F400B63C46 /* YTProvider.h */ = {isa = PBXFileReference; fileEncoding = 4; lastKnownFileType = sourcecode.c.h; path = YTProvider.h; sourceTree = "<group>"; };
		04E8A9881B4A70F400B63C46 /* YTProvider.m */ = {isa = PBXFileReference; fileEncoding = 4; lastKnownFileType = sourcecode.c.objc; path = YTProvider.m; sourceTree = "<group>"; };
		04E8A98A1B4A70F400B63C46 /* YTTag.h */ = {isa = PBXFileReference; fileEncoding = 4; lastKnownFileType = sourcecode.c.h; path = YTTag.h; sourceTree = "<group>"; };
		04E8A98B1B4A70F400B63C46 /* YTTag.m */ = {isa = PBXFileReference; fileEncoding = 4; lastKnownFileType = sourcecode.c.objc; path = YTTag.m; sourceTree = "<group>"; };
		04E8A98D1B4A70F500B63C46 /* YTGenre.h */ = {isa = PBXFileReference; fileEncoding = 4; lastKnownFileType = sourcecode.c.h; path = YTGenre.h; sourceTree = "<group>"; };
		04E8A98E1B4A70F500B63C46 /* YTGenre.m */ = {isa = PBXFileReference; fileEncoding = 4; lastKnownFileType = sourcecode.c.objc; path = YTGenre.m; sourceTree = "<group>"; };
		04E8A9901B4A70F500B63C46 /* YTCountry.h */ = {isa = PBXFileReference; fileEncoding = 4; lastKnownFileType = sourcecode.c.h; path = YTCountry.h; sourceTree = "<group>"; };
		04E8A9911B4A70F500B63C46 /* YTCountry.m */ = {isa = PBXFileReference; fileEncoding = 4; lastKnownFileType = sourcecode.c.objc; path = YTCountry.m; sourceTree = "<group>"; };
		04EAA67F1B4B67260099BE8E /* YTSearchViewCell.h */ = {isa = PBXFileReference; fileEncoding = 4; lastKnownFileType = sourcecode.c.h; path = YTSearchViewCell.h; sourceTree = "<group>"; };
		04EAA6801B4B67260099BE8E /* YTSearchViewCell.m */ = {isa = PBXFileReference; fileEncoding = 4; lastKnownFileType = sourcecode.c.objc; path = YTSearchViewCell.m; sourceTree = "<group>"; };
		04EAA6811B4B67260099BE8E /* YTSearchViewCell.xib */ = {isa = PBXFileReference; fileEncoding = 4; lastKnownFileType = file.xib; path = YTSearchViewCell.xib; sourceTree = "<group>"; };
		04ED438A1B40FB6D00BCC82E /* YTGirdItemCell.xib */ = {isa = PBXFileReference; fileEncoding = 4; lastKnownFileType = file.xib; path = YTGirdItemCell.xib; sourceTree = "<group>"; };
		04EE62BF1B42795A00AB6FCD /* YTMoreViewController.h */ = {isa = PBXFileReference; fileEncoding = 4; lastKnownFileType = sourcecode.c.h; path = YTMoreViewController.h; sourceTree = "<group>"; };
		04EE62C01B42795A00AB6FCD /* YTMoreViewController.m */ = {isa = PBXFileReference; fileEncoding = 4; lastKnownFileType = sourcecode.c.objc; path = YTMoreViewController.m; sourceTree = "<group>"; };
		04EE62C31B427A5D00AB6FCD /* YTCategoryController.h */ = {isa = PBXFileReference; fileEncoding = 4; lastKnownFileType = sourcecode.c.h; path = YTCategoryController.h; sourceTree = "<group>"; };
		04EE62C41B427A5D00AB6FCD /* YTCategoryController.m */ = {isa = PBXFileReference; fileEncoding = 4; lastKnownFileType = sourcecode.c.objc; path = YTCategoryController.m; sourceTree = "<group>"; };
		04EE62C71B427AB200AB6FCD /* YTTableViewCell.h */ = {isa = PBXFileReference; fileEncoding = 4; lastKnownFileType = sourcecode.c.h; path = YTTableViewCell.h; sourceTree = "<group>"; };
		04EE62C81B427AB200AB6FCD /* YTTableViewCell.m */ = {isa = PBXFileReference; fileEncoding = 4; lastKnownFileType = sourcecode.c.objc; path = YTTableViewCell.m; sourceTree = "<group>"; };
		04EE62C91B427AB200AB6FCD /* YTTableViewController.h */ = {isa = PBXFileReference; fileEncoding = 4; lastKnownFileType = sourcecode.c.h; path = YTTableViewController.h; sourceTree = "<group>"; };
		04EE62CA1B427AB200AB6FCD /* YTTableViewController.m */ = {isa = PBXFileReference; fileEncoding = 4; lastKnownFileType = sourcecode.c.objc; path = YTTableViewController.m; sourceTree = "<group>"; };
		04EE62CD1B4288A000AB6FCD /* YTTableHeaderCell.h */ = {isa = PBXFileReference; fileEncoding = 4; lastKnownFileType = sourcecode.c.h; path = YTTableHeaderCell.h; sourceTree = "<group>"; };
		04EE62CE1B4288A000AB6FCD /* YTTableHeaderCell.m */ = {isa = PBXFileReference; fileEncoding = 4; lastKnownFileType = sourcecode.c.objc; path = YTTableHeaderCell.m; sourceTree = "<group>"; };
		04EE62CF1B4288A000AB6FCD /* YTTableHeaderCell.xib */ = {isa = PBXFileReference; fileEncoding = 4; lastKnownFileType = file.xib; path = YTTableHeaderCell.xib; sourceTree = "<group>"; };
		04EE8A7F1B44CE45004133A5 /* YTContentDetailViewController.h */ = {isa = PBXFileReference; fileEncoding = 4; lastKnownFileType = sourcecode.c.h; path = YTContentDetailViewController.h; sourceTree = "<group>"; };
		04EE8A801B44CE45004133A5 /* YTContentDetailViewController.m */ = {isa = PBXFileReference; fileEncoding = 4; lastKnownFileType = sourcecode.c.objc; path = YTContentDetailViewController.m; sourceTree = "<group>"; };
		04EE8A831B44D0D0004133A5 /* YTTimelineViewController.h */ = {isa = PBXFileReference; fileEncoding = 4; lastKnownFileType = sourcecode.c.h; path = YTTimelineViewController.h; sourceTree = "<group>"; };
		04EE8A841B44D0D0004133A5 /* YTTimelineViewController.m */ = {isa = PBXFileReference; fileEncoding = 4; lastKnownFileType = sourcecode.c.objc; path = YTTimelineViewController.m; sourceTree = "<group>"; };
		04EE8A851B44D0D0004133A5 /* YTTimelineViewController.xib */ = {isa = PBXFileReference; fileEncoding = 4; lastKnownFileType = file.xib; path = YTTimelineViewController.xib; sourceTree = "<group>"; };
		04EE8A881B44D171004133A5 /* YTDetailViewController.h */ = {isa = PBXFileReference; fileEncoding = 4; lastKnownFileType = sourcecode.c.h; path = YTDetailViewController.h; sourceTree = "<group>"; };
		04EE8A891B44D171004133A5 /* YTDetailViewController.m */ = {isa = PBXFileReference; fileEncoding = 4; lastKnownFileType = sourcecode.c.objc; path = YTDetailViewController.m; sourceTree = "<group>"; };
		04EE8A8A1B44D171004133A5 /* YTDetailViewController.xib */ = {isa = PBXFileReference; fileEncoding = 4; lastKnownFileType = file.xib; path = YTDetailViewController.xib; sourceTree = "<group>"; };
		04EE8A8D1B44E5DB004133A5 /* YTEpisodesViewCell.h */ = {isa = PBXFileReference; fileEncoding = 4; lastKnownFileType = sourcecode.c.h; path = YTEpisodesViewCell.h; sourceTree = "<group>"; };
		04EE8A8E1B44E5DB004133A5 /* YTEpisodesViewCell.m */ = {isa = PBXFileReference; fileEncoding = 4; lastKnownFileType = sourcecode.c.objc; path = YTEpisodesViewCell.m; sourceTree = "<group>"; };
		04EE8A8F1B44E5DB004133A5 /* YTEpisodesViewCell.xib */ = {isa = PBXFileReference; fileEncoding = 4; lastKnownFileType = file.xib; path = YTEpisodesViewCell.xib; sourceTree = "<group>"; };
		04EE8A921B44E5ED004133A5 /* YTTimelineViewCell.h */ = {isa = PBXFileReference; fileEncoding = 4; lastKnownFileType = sourcecode.c.h; path = YTTimelineViewCell.h; sourceTree = "<group>"; };
		04EE8A931B44E5ED004133A5 /* YTTimelineViewCell.m */ = {isa = PBXFileReference; fileEncoding = 4; lastKnownFileType = sourcecode.c.objc; path = YTTimelineViewCell.m; sourceTree = "<group>"; };
		04EE8A941B44E5ED004133A5 /* YTTimelineViewCell.xib */ = {isa = PBXFileReference; fileEncoding = 4; lastKnownFileType = file.xib; path = YTTimelineViewCell.xib; sourceTree = "<group>"; };
		04EE8A981B44F3AE004133A5 /* YTEpisodesViewController.h */ = {isa = PBXFileReference; fileEncoding = 4; lastKnownFileType = sourcecode.c.h; path = YTEpisodesViewController.h; sourceTree = "<group>"; };
		04EE8A991B44F3AE004133A5 /* YTEpisodesViewController.m */ = {isa = PBXFileReference; fileEncoding = 4; lastKnownFileType = sourcecode.c.objc; path = YTEpisodesViewController.m; sourceTree = "<group>"; };
		04EE8A9B1B4517D5004133A5 /* YTTimelineTableview.h */ = {isa = PBXFileReference; fileEncoding = 4; lastKnownFileType = sourcecode.c.h; path = YTTimelineTableview.h; sourceTree = "<group>"; };
		04EE8A9C1B4517D5004133A5 /* YTTimelineTableview.m */ = {isa = PBXFileReference; fileEncoding = 4; lastKnownFileType = sourcecode.c.objc; path = YTTimelineTableview.m; sourceTree = "<group>"; };
		04EE8A9F1B4526A9004133A5 /* YTRelativeViewController.h */ = {isa = PBXFileReference; fileEncoding = 4; lastKnownFileType = sourcecode.c.h; path = YTRelativeViewController.h; sourceTree = "<group>"; };
		04EE8AA01B4526A9004133A5 /* YTRelativeViewController.m */ = {isa = PBXFileReference; fileEncoding = 4; lastKnownFileType = sourcecode.c.objc; path = YTRelativeViewController.m; sourceTree = "<group>"; };
		04EE8AA11B4526A9004133A5 /* YTRelativeViewController.xib */ = {isa = PBXFileReference; fileEncoding = 4; lastKnownFileType = file.xib; path = YTRelativeViewController.xib; sourceTree = "<group>"; };
		04F0AEC21B3BF51300615D90 /* YTHomeViewController.h */ = {isa = PBXFileReference; fileEncoding = 4; lastKnownFileType = sourcecode.c.h; path = YTHomeViewController.h; sourceTree = "<group>"; };
		04F0AEC31B3BF51300615D90 /* YTHomeViewController.m */ = {isa = PBXFileReference; fileEncoding = 4; lastKnownFileType = sourcecode.c.objc; path = YTHomeViewController.m; sourceTree = "<group>"; };
		04F0AEC41B3BF51300615D90 /* YTHomeViewController.xib */ = {isa = PBXFileReference; fileEncoding = 4; lastKnownFileType = file.xib; path = YTHomeViewController.xib; sourceTree = "<group>"; };
		04F0AED21B3C0D7B00615D90 /* download.jpeg */ = {isa = PBXFileReference; lastKnownFileType = image.jpeg; path = download.jpeg; sourceTree = "<group>"; };
		04F3A1421B466B7600C8DCCD /* YTSelectedItemProtocol.h */ = {isa = PBXFileReference; fileEncoding = 4; lastKnownFileType = sourcecode.c.h; path = YTSelectedItemProtocol.h; sourceTree = "<group>"; };
		04FC895D1B3D462700C496A8 /* YTGirdViewLayoutCustom.h */ = {isa = PBXFileReference; fileEncoding = 4; lastKnownFileType = sourcecode.c.h; path = YTGirdViewLayoutCustom.h; sourceTree = "<group>"; };
		04FC895E1B3D462700C496A8 /* YTGirdViewLayoutCustom.m */ = {isa = PBXFileReference; fileEncoding = 4; lastKnownFileType = sourcecode.c.objc; path = YTGirdViewLayoutCustom.m; sourceTree = "<group>"; };
		04FC89601B3D465100C496A8 /* YTGridViewController.h */ = {isa = PBXFileReference; fileEncoding = 4; lastKnownFileType = sourcecode.c.h; path = YTGridViewController.h; sourceTree = "<group>"; };
		04FC89611B3D465100C496A8 /* YTGridViewController.m */ = {isa = PBXFileReference; fileEncoding = 4; lastKnownFileType = sourcecode.c.objc; path = YTGridViewController.m; sourceTree = "<group>"; };
		04FC89621B3D465100C496A8 /* YTGridViewController.xib */ = {isa = PBXFileReference; fileEncoding = 4; lastKnownFileType = file.xib; path = YTGridViewController.xib; sourceTree = "<group>"; };
		04FC89651B3D468A00C496A8 /* YTGirdItemCell.h */ = {isa = PBXFileReference; fileEncoding = 4; lastKnownFileType = sourcecode.c.h; path = YTGirdItemCell.h; sourceTree = "<group>"; };
		04FC89661B3D468A00C496A8 /* YTGirdItemCell.m */ = {isa = PBXFileReference; fileEncoding = 4; lastKnownFileType = sourcecode.c.objc; path = YTGirdItemCell.m; sourceTree = "<group>"; };
		04FC896E1B3D677100C496A8 /* CoreGraphics.framework */ = {isa = PBXFileReference; lastKnownFileType = wrapper.framework; name = CoreGraphics.framework; path = System/Library/Frameworks/CoreGraphics.framework; sourceTree = SDKROOT; };
		057883AA109A0B65946A3D87 /* libPods.a */ = {isa = PBXFileReference; explicitFileType = archive.ar; includeInIndex = 0; path = libPods.a; sourceTree = BUILT_PRODUCTS_DIR; };
		D02870C58E4009013CD64688 /* Pods.debug.xcconfig */ = {isa = PBXFileReference; includeInIndex = 1; lastKnownFileType = text.xcconfig; name = Pods.debug.xcconfig; path = "Pods/Target Support Files/Pods/Pods.debug.xcconfig"; sourceTree = "<group>"; };
/* End PBXFileReference section */

/* Begin PBXFrameworksBuildPhase section */
		04E23B751B37C08F0097A2D5 /* Frameworks */ = {
			isa = PBXFrameworksBuildPhase;
			buildActionMask = 2147483647;
			files = (
				04E1A44E1B4E5DB80052558B /* MediaPlayer.framework in Frameworks */,
				04FC896F1B3D677100C496A8 /* CoreGraphics.framework in Frameworks */,
				04E1FA501B3ABC0400D68AF4 /* Security.framework in Frameworks */,
				99D071B6766AA0DD2E88CCF7 /* libPods.a in Frameworks */,
			);
			runOnlyForDeploymentPostprocessing = 0;
		};
		04E23B911B37C08F0097A2D5 /* Frameworks */ = {
			isa = PBXFrameworksBuildPhase;
			buildActionMask = 2147483647;
			files = (
			);
			runOnlyForDeploymentPostprocessing = 0;
		};
/* End PBXFrameworksBuildPhase section */

/* Begin PBXGroup section */
		040232511B37E5A50093E85C /* CoreData Manager */ = {
			isa = PBXGroup;
			children = (
				04E16E0C1B438B060075F75E /* Model */,
				04E10FEC1B38EC06001958C3 /* YTCoreDataManager.h */,
				04E23B821B37C08F0097A2D5 /* OnWorld.xcdatamodeld */,
				040232521B37E5CA0093E85C /* YTDataManager.h */,
				040232531B37E5CA0093E85C /* YTDataManager.m */,
			);
			name = "CoreData Manager";
			sourceTree = "<group>";
		};
		040232551B380FF20093E85C /* ViewController */ = {
			isa = PBXGroup;
			children = (
				04E16E1C1B43F3CC0075F75E /* Player */,
				04EE62C21B427A4000AB6FCD /* Category */,
				04EE62BE1B4278F800AB6FCD /* More Category */,
				04E110001B393258001958C3 /* Login */,
				040232561B380FFE0093E85C /* HomeScreen */,
				04EE8A821B44CEF9004133A5 /* Content Detail */,
				04F3A1421B466B7600C8DCCD /* YTSelectedItemProtocol.h */,
			);
			name = ViewController;
			sourceTree = "<group>";
		};
		040232561B380FFE0093E85C /* HomeScreen */ = {
			isa = PBXGroup;
			children = (
				04F0AEC21B3BF51300615D90 /* YTHomeViewController.h */,
				04F0AEC31B3BF51300615D90 /* YTHomeViewController.m */,
				04F0AEC41B3BF51300615D90 /* YTHomeViewController.xib */,
				0402325D1B38110D0093E85C /* SWRevealViewController.h */,
				0402325E1B38110D0093E85C /* SWRevealViewController.m */,
				040232571B3810300093E85C /* YTMainViewController.h */,
				040232581B3810300093E85C /* YTMainViewController.m */,
				04E10FEF1B38EF3F001958C3 /* Side Menu */,
			);
			name = HomeScreen;
			sourceTree = "<group>";
		};
		040232601B381A020093E85C /* StoryBoard */ = {
			isa = PBXGroup;
			children = (
				04E23B881B37C08F0097A2D5 /* Main.storyboard */,
			);
			name = StoryBoard;
			sourceTree = "<group>";
		};
		04E10FDE1B38EB36001958C3 /* App Delegate */ = {
			isa = PBXGroup;
			children = (
				04E23B7F1B37C08F0097A2D5 /* AppDelegate.h */,
				04E23B801B37C08F0097A2D5 /* AppDelegate.m */,
			);
			name = "App Delegate";
			sourceTree = "<group>";
		};
		04E10FEF1B38EF3F001958C3 /* Side Menu */ = {
			isa = PBXGroup;
			children = (
				0402325A1B3810620093E85C /* YTSideViewController.h */,
				0402325B1B3810620093E85C /* YTSideViewController.m */,
				04E10FF01B38EF6F001958C3 /* YTSideViewCell.h */,
				04E10FF11B38EF6F001958C3 /* YTSideViewCell.m */,
				04E10FF21B38EF6F001958C3 /* YTSideViewCell.xib */,
				04E10FFB1B390776001958C3 /* YTSideHeaderViewCell.h */,
				04E10FFC1B390776001958C3 /* YTSideHeaderViewCell.m */,
				04E10FFD1B390776001958C3 /* YTSideHeaderViewCell.xib */,
				04EAA67F1B4B67260099BE8E /* YTSearchViewCell.h */,
				04EAA6801B4B67260099BE8E /* YTSearchViewCell.m */,
				04EAA6811B4B67260099BE8E /* YTSearchViewCell.xib */,
			);
			name = "Side Menu";
			sourceTree = "<group>";
		};
		04E110001B393258001958C3 /* Login */ = {
			isa = PBXGroup;
			children = (
				04E110011B393279001958C3 /* YTLoginViewController.h */,
				04E110021B393279001958C3 /* YTLoginViewController.m */,
			);
			name = Login;
			sourceTree = "<group>";
		};
		04E16E0C1B438B060075F75E /* Model */ = {
			isa = PBXGroup;
			children = (
				04E1A4521B4E67A40052558B /* YTAdv.h */,
				04E1A4531B4E67A40052558B /* YTAdv.m */,
				04E1A44F1B4E67A30052558B /* YTDetail.h */,
				04E1A4501B4E67A30052558B /* YTDetail.m */,
				04E8A9901B4A70F500B63C46 /* YTCountry.h */,
				04E8A9911B4A70F500B63C46 /* YTCountry.m */,
				04E8A98D1B4A70F500B63C46 /* YTGenre.h */,
				04E8A98E1B4A70F500B63C46 /* YTGenre.m */,
				04E8A98A1B4A70F400B63C46 /* YTTag.h */,
				04E8A98B1B4A70F400B63C46 /* YTTag.m */,
				04E8A9871B4A70F400B63C46 /* YTProvider.h */,
				04E8A9881B4A70F400B63C46 /* YTProvider.m */,
				04E8A9841B4A70F400B63C46 /* YTTimeline.h */,
				04E8A9851B4A70F400B63C46 /* YTTimeline.m */,
				04E8A9811B4A70F400B63C46 /* YTCategory.h */,
				04E8A9821B4A70F400B63C46 /* YTCategory.m */,
				04E8A97E1B4A70F400B63C46 /* YTEpisodes.h */,
				04E8A97F1B4A70F400B63C46 /* YTEpisodes.m */,
				04E8A9781B4A70F400B63C46 /* YTActor.h */,
				04E8A9791B4A70F400B63C46 /* YTActor.m */,
				04E8A9751B4A70F400B63C46 /* YTDirector.h */,
				04E8A9761B4A70F400B63C46 /* YTDirector.m */,
				04E8A9721B4A70F300B63C46 /* YTContent.h */,
				04E8A9731B4A70F300B63C46 /* YTContent.m */,
			);
			name = Model;
			sourceTree = "<group>";
		};
		04E16E1C1B43F3CC0075F75E /* Player */ = {
			isa = PBXGroup;
			children = (
				04E16E1D1B43F3F10075F75E /* YTPlayerViewController.h */,
				04E16E1E1B43F3F10075F75E /* YTPlayerViewController.m */,
				04E16E1F1B43F3F10075F75E /* YTPlayerViewController.xib */,
				04E1A4431B4E2B990052558B /* YTPlayerView.h */,
				04E1A4441B4E2B990052558B /* YTPlayerView.m */,
			);
			name = Player;
			sourceTree = "<group>";
		};
		04E1FA121B3A45F800D68AF4 /* Utility */ = {
			isa = PBXGroup;
			children = (
				040467601B3B9ED5005E58C3 /* DejalActivityView.h */,
				040467611B3B9ED5005E58C3 /* DejalActivityView.m */,
				040467621B3B9ED5005E58C3 /* PDKeychainBindings.h */,
				040467631B3B9ED5005E58C3 /* PDKeychainBindings.m */,
				040467641B3B9ED5005E58C3 /* PDKeychainBindingsController.h */,
				040467651B3B9ED5005E58C3 /* PDKeychainBindingsController.m */,
				04E1FA131B3A466E00D68AF4 /* YTOnWorldUtility.h */,
				04E1FA141B3A466E00D68AF4 /* YTOnWorldUtility.m */,
				04E1FA491B3AB2F300D68AF4 /* NSString+Utility.h */,
				04E1FA4A1B3AB2F300D68AF4 /* NSString+Utility.m */,
				040467691B3BA349005E58C3 /* YTConstant.h */,
			);
			name = Utility;
			sourceTree = "<group>";
		};
		04E1FA161B3A46AE00D68AF4 /* Font */ = {
			isa = PBXGroup;
			children = (
				04E1FA171B3A46BC00D68AF4 /* SourceSansPro-Black.otf */,
				04E1FA181B3A46BC00D68AF4 /* SourceSansPro-BlackIt.otf */,
				04E1FA191B3A46BC00D68AF4 /* SourceSansPro-Bold.otf */,
				04E1FA1A1B3A46BC00D68AF4 /* SourceSansPro-BoldIt.otf */,
				04E1FA1B1B3A46BC00D68AF4 /* SourceSansPro-ExtraLight.otf */,
				04E1FA1C1B3A46BC00D68AF4 /* SourceSansPro-ExtraLightIt.otf */,
				04E1FA1D1B3A46BC00D68AF4 /* SourceSansPro-It.otf */,
				04E1FA1E1B3A46BC00D68AF4 /* SourceSansPro-Light.otf */,
				04E1FA1F1B3A46BC00D68AF4 /* SourceSansPro-LightIt.otf */,
				04E1FA201B3A46BC00D68AF4 /* SourceSansPro-Regular.otf */,
				04E1FA211B3A46BC00D68AF4 /* SourceSansPro-Semibold.otf */,
				04E1FA221B3A46BC00D68AF4 /* SourceSansPro-SemiboldIt.otf */,
				04E1FA231B3A46BC00D68AF4 /* UTM BEBAS.TTF */,
			);
			name = Font;
			sourceTree = "<group>";
		};
		04E23B6F1B37C08F0097A2D5 = {
			isa = PBXGroup;
			children = (
				04E23B7A1B37C08F0097A2D5 /* OnWorld */,
				04E23B971B37C08F0097A2D5 /* OnWorldTests */,
				04E23B791B37C08F0097A2D5 /* Products */,
				1466DC379BDAE1A6B7E7A125 /* Frameworks */,
				C767FA648E6F52283A280958 /* Pods */,
			);
			sourceTree = "<group>";
		};
		04E23B791B37C08F0097A2D5 /* Products */ = {
			isa = PBXGroup;
			children = (
				04E23B781B37C08F0097A2D5 /* OnWorld.app */,
				04E23B941B37C08F0097A2D5 /* OnWorldTests.xctest */,
			);
			name = Products;
			sourceTree = "<group>";
		};
		04E23B7A1B37C08F0097A2D5 /* OnWorld */ = {
			isa = PBXGroup;
			children = (
				04F0AEC11B3BF4A400615D90 /* Custom View */,
				04E1FA161B3A46AE00D68AF4 /* Font */,
				04E1FA121B3A45F800D68AF4 /* Utility */,
				04E10FDE1B38EB36001958C3 /* App Delegate */,
				040232551B380FF20093E85C /* ViewController */,
				040232511B37E5A50093E85C /* CoreData Manager */,
				04E23BAB1B37C1F90097A2D5 /* Network Manager */,
				040232601B381A020093E85C /* StoryBoard */,
				04E23B8B1B37C08F0097A2D5 /* Images.xcassets */,
				04E23B8D1B37C08F0097A2D5 /* LaunchScreen.xib */,
				04E23B7B1B37C08F0097A2D5 /* Supporting Files */,
			);
			path = OnWorld;
			sourceTree = "<group>";
		};
		04E23B7B1B37C08F0097A2D5 /* Supporting Files */ = {
			isa = PBXGroup;
			children = (
				04F0AED21B3C0D7B00615D90 /* download.jpeg */,
				04E23B7C1B37C08F0097A2D5 /* Info.plist */,
				04E23B7D1B37C08F0097A2D5 /* main.m */,
				04E23BA51B37C0EC0097A2D5 /* OnWorld-Prefix.pch */,
			);
			name = "Supporting Files";
			sourceTree = "<group>";
		};
		04E23B971B37C08F0097A2D5 /* OnWorldTests */ = {
			isa = PBXGroup;
			children = (
				04E23B9A1B37C08F0097A2D5 /* OnWorldTests.m */,
				04E23B981B37C08F0097A2D5 /* Supporting Files */,
			);
			path = OnWorldTests;
			sourceTree = "<group>";
		};
		04E23B981B37C08F0097A2D5 /* Supporting Files */ = {
			isa = PBXGroup;
			children = (
				04E23B991B37C08F0097A2D5 /* Info.plist */,
			);
			name = "Supporting Files";
			sourceTree = "<group>";
		};
		04E23BAB1B37C1F90097A2D5 /* Network Manager */ = {
			isa = PBXGroup;
			children = (
				0402324E1B37E4CC0093E85C /* YTNetWorkManager.h */,
				0402324F1B37E4CC0093E85C /* YTNetWorkManager.m */,
			);
			name = "Network Manager";
			sourceTree = "<group>";
		};
		04EE62BE1B4278F800AB6FCD /* More Category */ = {
			isa = PBXGroup;
			children = (
				04EE62BF1B42795A00AB6FCD /* YTMoreViewController.h */,
				04EE62C01B42795A00AB6FCD /* YTMoreViewController.m */,
			);
			name = "More Category";
			sourceTree = "<group>";
		};
		04EE62C21B427A4000AB6FCD /* Category */ = {
			isa = PBXGroup;
			children = (
				04EE62C31B427A5D00AB6FCD /* YTCategoryController.h */,
				04EE62C41B427A5D00AB6FCD /* YTCategoryController.m */,
			);
			name = Category;
			sourceTree = "<group>";
		};
		04EE62C61B427A7500AB6FCD /* CollectionView In TableView */ = {
			isa = PBXGroup;
			children = (
				04EE62C71B427AB200AB6FCD /* YTTableViewCell.h */,
				04EE62C81B427AB200AB6FCD /* YTTableViewCell.m */,
				04EE62C91B427AB200AB6FCD /* YTTableViewController.h */,
				04EE62CA1B427AB200AB6FCD /* YTTableViewController.m */,
				04EE62CD1B4288A000AB6FCD /* YTTableHeaderCell.h */,
				04EE62CE1B4288A000AB6FCD /* YTTableHeaderCell.m */,
				04EE62CF1B4288A000AB6FCD /* YTTableHeaderCell.xib */,
			);
			name = "CollectionView In TableView";
			sourceTree = "<group>";
		};
		04EE8A821B44CEF9004133A5 /* Content Detail */ = {
			isa = PBXGroup;
			children = (
				04F3A1411B461E7200C8DCCD /* Sub View Controller */,
				04EE8A9E1B452649004133A5 /* TimeLine & Episodes */,
				04EE8A971B44F22D004133A5 /* Tableview Cell */,
			);
			name = "Content Detail";
			sourceTree = "<group>";
		};
		04EE8A971B44F22D004133A5 /* Tableview Cell */ = {
			isa = PBXGroup;
			children = (
				04EE8A8D1B44E5DB004133A5 /* YTEpisodesViewCell.h */,
				04EE8A8E1B44E5DB004133A5 /* YTEpisodesViewCell.m */,
				04EE8A8F1B44E5DB004133A5 /* YTEpisodesViewCell.xib */,
				04EE8A921B44E5ED004133A5 /* YTTimelineViewCell.h */,
				04EE8A931B44E5ED004133A5 /* YTTimelineViewCell.m */,
				04EE8A941B44E5ED004133A5 /* YTTimelineViewCell.xib */,
			);
			name = "Tableview Cell";
			sourceTree = "<group>";
		};
		04EE8A9E1B452649004133A5 /* TimeLine & Episodes */ = {
			isa = PBXGroup;
			children = (
				04EE8A831B44D0D0004133A5 /* YTTimelineViewController.h */,
				04EE8A841B44D0D0004133A5 /* YTTimelineViewController.m */,
				04EE8A851B44D0D0004133A5 /* YTTimelineViewController.xib */,
				04EE8A981B44F3AE004133A5 /* YTEpisodesViewController.h */,
				04EE8A991B44F3AE004133A5 /* YTEpisodesViewController.m */,
				04EE8A9B1B4517D5004133A5 /* YTTimelineTableview.h */,
				04EE8A9C1B4517D5004133A5 /* YTTimelineTableview.m */,
			);
			name = "TimeLine & Episodes";
			sourceTree = "<group>";
		};
		04F0AEC11B3BF4A400615D90 /* Custom View */ = {
			isa = PBXGroup;
			children = (
				04EE62C61B427A7500AB6FCD /* CollectionView In TableView */,
				04FC88CD1B3CE75D00C496A8 /* MagazineLayout */,
				04F0AECC1B3C01E800615D90 /* Collection View */,
			);
			name = "Custom View";
			sourceTree = "<group>";
		};
		04F0AECC1B3C01E800615D90 /* Collection View */ = {
			isa = PBXGroup;
			children = (
				04FC89601B3D465100C496A8 /* YTGridViewController.h */,
				04FC89611B3D465100C496A8 /* YTGridViewController.m */,
				04FC89621B3D465100C496A8 /* YTGridViewController.xib */,
				04FC89651B3D468A00C496A8 /* YTGirdItemCell.h */,
				04ED438A1B40FB6D00BCC82E /* YTGirdItemCell.xib */,
				04FC89661B3D468A00C496A8 /* YTGirdItemCell.m */,
			);
			name = "Collection View";
			sourceTree = "<group>";
		};
		04F3A1411B461E7200C8DCCD /* Sub View Controller */ = {
			isa = PBXGroup;
			children = (
				04EE8A7F1B44CE45004133A5 /* YTContentDetailViewController.h */,
				04EE8A801B44CE45004133A5 /* YTContentDetailViewController.m */,
				04EE8A881B44D171004133A5 /* YTDetailViewController.h */,
				04EE8A891B44D171004133A5 /* YTDetailViewController.m */,
				04EE8A8A1B44D171004133A5 /* YTDetailViewController.xib */,
				04EE8A9F1B4526A9004133A5 /* YTRelativeViewController.h */,
				04EE8AA01B4526A9004133A5 /* YTRelativeViewController.m */,
				04EE8AA11B4526A9004133A5 /* YTRelativeViewController.xib */,
			);
			name = "Sub View Controller";
			sourceTree = "<group>";
		};
		04FC88CD1B3CE75D00C496A8 /* MagazineLayout */ = {
			isa = PBXGroup;
			children = (
				04FC895D1B3D462700C496A8 /* YTGirdViewLayoutCustom.h */,
				04FC895E1B3D462700C496A8 /* YTGirdViewLayoutCustom.m */,
			);
			name = MagazineLayout;
			sourceTree = "<group>";
		};
		1466DC379BDAE1A6B7E7A125 /* Frameworks */ = {
			isa = PBXGroup;
			children = (
				04E1A44D1B4E5DB80052558B /* MediaPlayer.framework */,
				04FC896E1B3D677100C496A8 /* CoreGraphics.framework */,
				04E1FA4F1B3ABC0400D68AF4 /* Security.framework */,
				057883AA109A0B65946A3D87 /* libPods.a */,
			);
			name = Frameworks;
			sourceTree = "<group>";
		};
		C767FA648E6F52283A280958 /* Pods */ = {
			isa = PBXGroup;
			children = (
				D02870C58E4009013CD64688 /* Pods.debug.xcconfig */,
				0064D3D7F78455D032F3572B /* Pods.release.xcconfig */,
			);
			name = Pods;
			sourceTree = "<group>";
		};
/* End PBXGroup section */

/* Begin PBXNativeTarget section */
		04E23B771B37C08F0097A2D5 /* OnWorld */ = {
			isa = PBXNativeTarget;
			buildConfigurationList = 04E23B9E1B37C08F0097A2D5 /* Build configuration list for PBXNativeTarget "OnWorld" */;
			buildPhases = (
				90EFF0470682DB55BADB4385 /* Check Pods Manifest.lock */,
				04E23B741B37C08F0097A2D5 /* Sources */,
				04E23B751B37C08F0097A2D5 /* Frameworks */,
				04E23B761B37C08F0097A2D5 /* Resources */,
				900BB5FE102B7C6927D2A119 /* Copy Pods Resources */,
			);
			buildRules = (
			);
			dependencies = (
			);
			name = OnWorld;
			productName = OnWorld;
			productReference = 04E23B781B37C08F0097A2D5 /* OnWorld.app */;
			productType = "com.apple.product-type.application";
		};
		04E23B931B37C08F0097A2D5 /* OnWorldTests */ = {
			isa = PBXNativeTarget;
			buildConfigurationList = 04E23BA11B37C08F0097A2D5 /* Build configuration list for PBXNativeTarget "OnWorldTests" */;
			buildPhases = (
				04E23B901B37C08F0097A2D5 /* Sources */,
				04E23B911B37C08F0097A2D5 /* Frameworks */,
				04E23B921B37C08F0097A2D5 /* Resources */,
			);
			buildRules = (
			);
			dependencies = (
				04E23B961B37C08F0097A2D5 /* PBXTargetDependency */,
			);
			name = OnWorldTests;
			productName = OnWorldTests;
			productReference = 04E23B941B37C08F0097A2D5 /* OnWorldTests.xctest */;
			productType = "com.apple.product-type.bundle.unit-test";
		};
/* End PBXNativeTarget section */

/* Begin PBXProject section */
		04E23B701B37C08F0097A2D5 /* Project object */ = {
			isa = PBXProject;
			attributes = {
				LastUpgradeCheck = 0630;
				ORGANIZATIONNAME = OnWorld;
				TargetAttributes = {
					04E23B771B37C08F0097A2D5 = {
						CreatedOnToolsVersion = 6.3.2;
						DevelopmentTeam = 2KZS8EDW4F;
					};
					04E23B931B37C08F0097A2D5 = {
						CreatedOnToolsVersion = 6.3.2;
						TestTargetID = 04E23B771B37C08F0097A2D5;
					};
				};
			};
			buildConfigurationList = 04E23B731B37C08F0097A2D5 /* Build configuration list for PBXProject "OnWorld" */;
			compatibilityVersion = "Xcode 3.2";
			developmentRegion = English;
			hasScannedForEncodings = 0;
			knownRegions = (
				en,
				Base,
			);
			mainGroup = 04E23B6F1B37C08F0097A2D5;
			productRefGroup = 04E23B791B37C08F0097A2D5 /* Products */;
			projectDirPath = "";
			projectRoot = "";
			targets = (
				04E23B771B37C08F0097A2D5 /* OnWorld */,
				04E23B931B37C08F0097A2D5 /* OnWorldTests */,
			);
		};
/* End PBXProject section */

/* Begin PBXResourcesBuildPhase section */
		04E23B761B37C08F0097A2D5 /* Resources */ = {
			isa = PBXResourcesBuildPhase;
			buildActionMask = 2147483647;
			files = (
				04ED438B1B40FB6D00BCC82E /* YTGirdItemCell.xib in Resources */,
				04EE8AA31B4526A9004133A5 /* YTRelativeViewController.xib in Resources */,
				04EAA6831B4B67260099BE8E /* YTSearchViewCell.xib in Resources */,
				04E10FF41B38EF6F001958C3 /* YTSideViewCell.xib in Resources */,
				04E1FA241B3A4DB000D68AF4 /* SourceSansPro-Black.otf in Resources */,
				04E1FA3B1B3A4DDC00D68AF4 /* UTM BEBAS.TTF in Resources */,
				04EE62D11B4288A000AB6FCD /* YTTableHeaderCell.xib in Resources */,
				04E1FA271B3A4DB700D68AF4 /* SourceSansPro-Bold.otf in Resources */,
				04E1FA251B3A4DB300D68AF4 /* SourceSansPro-BlackIt.otf in Resources */,
				04E1FA371B3A4DD500D68AF4 /* SourceSansPro-Semibold.otf in Resources */,
				04E1FA311B3A4DCA00D68AF4 /* SourceSansPro-Light.otf in Resources */,
				04EE8A871B44D0D0004133A5 /* YTTimelineViewController.xib in Resources */,
				04E1FA351B3A4DD200D68AF4 /* SourceSansPro-Regular.otf in Resources */,
				04E1FA2F1B3A4DC600D68AF4 /* SourceSansPro-It.otf in Resources */,
				04F0AEC61B3BF51300615D90 /* YTHomeViewController.xib in Resources */,
				04EE8A911B44E5DB004133A5 /* YTEpisodesViewCell.xib in Resources */,
				04EE8A961B44E5ED004133A5 /* YTTimelineViewCell.xib in Resources */,
				04E16E211B43F3F10075F75E /* YTPlayerViewController.xib in Resources */,
				04E23B8A1B37C08F0097A2D5 /* Main.storyboard in Resources */,
				04FC89641B3D465100C496A8 /* YTGridViewController.xib in Resources */,
				04EE8A8C1B44D171004133A5 /* YTDetailViewController.xib in Resources */,
				04E1FA2B1B3A4DBF00D68AF4 /* SourceSansPro-ExtraLight.otf in Resources */,
				04E10FFF1B390776001958C3 /* YTSideHeaderViewCell.xib in Resources */,
				04E1FA331B3A4DCE00D68AF4 /* SourceSansPro-LightIt.otf in Resources */,
				04E23B8F1B37C08F0097A2D5 /* LaunchScreen.xib in Resources */,
				04E23B8C1B37C08F0097A2D5 /* Images.xcassets in Resources */,
				04E1FA291B3A4DBC00D68AF4 /* SourceSansPro-BoldIt.otf in Resources */,
				04F0AED31B3C0D7B00615D90 /* download.jpeg in Resources */,
				04E1FA2D1B3A4DC200D68AF4 /* SourceSansPro-ExtraLightIt.otf in Resources */,
				04E1FA391B3A4DD800D68AF4 /* SourceSansPro-SemiboldIt.otf in Resources */,
			);
			runOnlyForDeploymentPostprocessing = 0;
		};
		04E23B921B37C08F0097A2D5 /* Resources */ = {
			isa = PBXResourcesBuildPhase;
			buildActionMask = 2147483647;
			files = (
				04E1FA321B3A4DCB00D68AF4 /* SourceSansPro-Light.otf in Resources */,
				04E1FA341B3A4DCE00D68AF4 /* SourceSansPro-LightIt.otf in Resources */,
				04E1FA361B3A4DD200D68AF4 /* SourceSansPro-Regular.otf in Resources */,
				04E1FA281B3A4DB700D68AF4 /* SourceSansPro-Bold.otf in Resources */,
				04E1FA381B3A4DD500D68AF4 /* SourceSansPro-Semibold.otf in Resources */,
				04E1FA261B3A4DB400D68AF4 /* SourceSansPro-BlackIt.otf in Resources */,
				04E1FA2A1B3A4DBC00D68AF4 /* SourceSansPro-BoldIt.otf in Resources */,
				04E1FA2E1B3A4DC300D68AF4 /* SourceSansPro-ExtraLightIt.otf in Resources */,
				04E1FA3C1B3A4DDD00D68AF4 /* UTM BEBAS.TTF in Resources */,
				04E1FA301B3A4DC700D68AF4 /* SourceSansPro-It.otf in Resources */,
				04E1FA2C1B3A4DBF00D68AF4 /* SourceSansPro-ExtraLight.otf in Resources */,
				04E1FA3A1B3A4DD900D68AF4 /* SourceSansPro-SemiboldIt.otf in Resources */,
			);
			runOnlyForDeploymentPostprocessing = 0;
		};
/* End PBXResourcesBuildPhase section */

/* Begin PBXShellScriptBuildPhase section */
		900BB5FE102B7C6927D2A119 /* Copy Pods Resources */ = {
			isa = PBXShellScriptBuildPhase;
			buildActionMask = 2147483647;
			files = (
			);
			inputPaths = (
			);
			name = "Copy Pods Resources";
			outputPaths = (
			);
			runOnlyForDeploymentPostprocessing = 0;
			shellPath = /bin/sh;
			shellScript = "\"${SRCROOT}/Pods/Target Support Files/Pods/Pods-resources.sh\"\n";
			showEnvVarsInLog = 0;
		};
		90EFF0470682DB55BADB4385 /* Check Pods Manifest.lock */ = {
			isa = PBXShellScriptBuildPhase;
			buildActionMask = 2147483647;
			files = (
			);
			inputPaths = (
			);
			name = "Check Pods Manifest.lock";
			outputPaths = (
			);
			runOnlyForDeploymentPostprocessing = 0;
			shellPath = /bin/sh;
			shellScript = "diff \"${PODS_ROOT}/../Podfile.lock\" \"${PODS_ROOT}/Manifest.lock\" > /dev/null\nif [[ $? != 0 ]] ; then\n    cat << EOM\nerror: The sandbox is not in sync with the Podfile.lock. Run 'pod install' or update your CocoaPods installation.\nEOM\n    exit 1\nfi\n";
			showEnvVarsInLog = 0;
		};
/* End PBXShellScriptBuildPhase section */

/* Begin PBXSourcesBuildPhase section */
		04E23B741B37C08F0097A2D5 /* Sources */ = {
			isa = PBXSourcesBuildPhase;
			buildActionMask = 2147483647;
			files = (
				04E8A9771B4A70F400B63C46 /* YTDirector.m in Sources */,
				04E1FA4B1B3AB2F300D68AF4 /* NSString+Utility.m in Sources */,
				04EAA6821B4B67260099BE8E /* YTSearchViewCell.m in Sources */,
				04EE62D01B4288A000AB6FCD /* YTTableHeaderCell.m in Sources */,
				04E8A9921B4A70F500B63C46 /* YTCountry.m in Sources */,
				04E1A4511B4E67A30052558B /* YTDetail.m in Sources */,
				040232501B37E4CC0093E85C /* YTNetWorkManager.m in Sources */,
				04EE8A8B1B44D171004133A5 /* YTDetailViewController.m in Sources */,
				04FC895F1B3D462700C496A8 /* YTGirdViewLayoutCustom.m in Sources */,
				04E1FA151B3A466E00D68AF4 /* YTOnWorldUtility.m in Sources */,
				04EE8AA21B4526A9004133A5 /* YTRelativeViewController.m in Sources */,
				04E8A9891B4A70F400B63C46 /* YTProvider.m in Sources */,
				04E8A98C1B4A70F400B63C46 /* YTTag.m in Sources */,
				04E23B811B37C08F0097A2D5 /* AppDelegate.m in Sources */,
				04E10FFE1B390776001958C3 /* YTSideHeaderViewCell.m in Sources */,
				04E110031B393279001958C3 /* YTLoginViewController.m in Sources */,
				04FC89631B3D465100C496A8 /* YTGridViewController.m in Sources */,
				04EE62C11B42795A00AB6FCD /* YTMoreViewController.m in Sources */,
				0402325C1B3810620093E85C /* YTSideViewController.m in Sources */,
				04EE62CC1B427AB200AB6FCD /* YTTableViewController.m in Sources */,
				04F0AEC51B3BF51300615D90 /* YTHomeViewController.m in Sources */,
				04E23B7E1B37C08F0097A2D5 /* main.m in Sources */,
				04EE62C51B427A5D00AB6FCD /* YTCategoryController.m in Sources */,
				04E1A4451B4E2B990052558B /* YTPlayerView.m in Sources */,
				04EE8A9A1B44F3AE004133A5 /* YTEpisodesViewController.m in Sources */,
				0402325F1B38110D0093E85C /* SWRevealViewController.m in Sources */,
				04EE8A9D1B4517D5004133A5 /* YTTimelineTableview.m in Sources */,
				04EE62CB1B427AB200AB6FCD /* YTTableViewCell.m in Sources */,
				04EE8A811B44CE45004133A5 /* YTContentDetailViewController.m in Sources */,
				04EE8A951B44E5ED004133A5 /* YTTimelineViewCell.m in Sources */,
				040467671B3B9ED5005E58C3 /* PDKeychainBindings.m in Sources */,
				04E8A9861B4A70F400B63C46 /* YTTimeline.m in Sources */,
				040232591B3810300093E85C /* YTMainViewController.m in Sources */,
				040467661B3B9ED5005E58C3 /* DejalActivityView.m in Sources */,
				04E8A98F1B4A70F500B63C46 /* YTGenre.m in Sources */,
				04E16E201B43F3F10075F75E /* YTPlayerViewController.m in Sources */,
				04E8A9831B4A70F400B63C46 /* YTCategory.m in Sources */,
				04EE8A901B44E5DB004133A5 /* YTEpisodesViewCell.m in Sources */,
				04E10FF31B38EF6F001958C3 /* YTSideViewCell.m in Sources */,
				04E8A9801B4A70F400B63C46 /* YTEpisodes.m in Sources */,
				040232541B37E5CA0093E85C /* YTDataManager.m in Sources */,
				04EE8A861B44D0D0004133A5 /* YTTimelineViewController.m in Sources */,
				04E1A4541B4E67A40052558B /* YTAdv.m in Sources */,
				04E23B841B37C08F0097A2D5 /* OnWorld.xcdatamodeld in Sources */,
				04E8A97A1B4A70F400B63C46 /* YTActor.m in Sources */,
				04FC89671B3D468A00C496A8 /* YTGirdItemCell.m in Sources */,
				04E8A9741B4A70F300B63C46 /* YTContent.m in Sources */,
				040467681B3B9ED5005E58C3 /* PDKeychainBindingsController.m in Sources */,
			);
			runOnlyForDeploymentPostprocessing = 0;
		};
		04E23B901B37C08F0097A2D5 /* Sources */ = {
			isa = PBXSourcesBuildPhase;
			buildActionMask = 2147483647;
			files = (
				04E23B9B1B37C08F0097A2D5 /* OnWorldTests.m in Sources */,
			);
			runOnlyForDeploymentPostprocessing = 0;
		};
/* End PBXSourcesBuildPhase section */

/* Begin PBXTargetDependency section */
		04E23B961B37C08F0097A2D5 /* PBXTargetDependency */ = {
			isa = PBXTargetDependency;
			target = 04E23B771B37C08F0097A2D5 /* OnWorld */;
			targetProxy = 04E23B951B37C08F0097A2D5 /* PBXContainerItemProxy */;
		};
/* End PBXTargetDependency section */

/* Begin PBXVariantGroup section */
		04E23B881B37C08F0097A2D5 /* Main.storyboard */ = {
			isa = PBXVariantGroup;
			children = (
				04E23B891B37C08F0097A2D5 /* Base */,
			);
			name = Main.storyboard;
			sourceTree = "<group>";
		};
		04E23B8D1B37C08F0097A2D5 /* LaunchScreen.xib */ = {
			isa = PBXVariantGroup;
			children = (
				04E23B8E1B37C08F0097A2D5 /* Base */,
			);
			name = LaunchScreen.xib;
			sourceTree = "<group>";
		};
/* End PBXVariantGroup section */

/* Begin XCBuildConfiguration section */
		04E23B9C1B37C08F0097A2D5 /* Debug */ = {
			isa = XCBuildConfiguration;
			buildSettings = {
				ALWAYS_SEARCH_USER_PATHS = NO;
				CLANG_CXX_LANGUAGE_STANDARD = "gnu++0x";
				CLANG_CXX_LIBRARY = "libc++";
				CLANG_ENABLE_MODULES = YES;
				CLANG_ENABLE_OBJC_ARC = YES;
				CLANG_WARN_BOOL_CONVERSION = YES;
				CLANG_WARN_CONSTANT_CONVERSION = YES;
				CLANG_WARN_DIRECT_OBJC_ISA_USAGE = YES_ERROR;
				CLANG_WARN_EMPTY_BODY = YES;
				CLANG_WARN_ENUM_CONVERSION = YES;
				CLANG_WARN_INT_CONVERSION = YES;
				CLANG_WARN_OBJC_ROOT_CLASS = YES_ERROR;
				CLANG_WARN_UNREACHABLE_CODE = YES;
				CLANG_WARN__DUPLICATE_METHOD_MATCH = YES;
				"CODE_SIGN_IDENTITY[sdk=iphoneos*]" = "iPhone Developer";
				COPY_PHASE_STRIP = NO;
				DEBUG_INFORMATION_FORMAT = "dwarf-with-dsym";
				ENABLE_STRICT_OBJC_MSGSEND = YES;
				GCC_C_LANGUAGE_STANDARD = gnu99;
				GCC_DYNAMIC_NO_PIC = NO;
				GCC_NO_COMMON_BLOCKS = YES;
				GCC_OPTIMIZATION_LEVEL = 0;
				GCC_PREPROCESSOR_DEFINITIONS = (
					"DEBUG=1",
					"$(inherited)",
				);
				GCC_SYMBOLS_PRIVATE_EXTERN = NO;
				GCC_WARN_64_TO_32_BIT_CONVERSION = YES;
				GCC_WARN_ABOUT_RETURN_TYPE = YES_ERROR;
				GCC_WARN_UNDECLARED_SELECTOR = YES;
				GCC_WARN_UNINITIALIZED_AUTOS = YES_AGGRESSIVE;
				GCC_WARN_UNUSED_FUNCTION = YES;
				GCC_WARN_UNUSED_VARIABLE = YES;
				IPHONEOS_DEPLOYMENT_TARGET = 7.0;
				MTL_ENABLE_DEBUG_INFO = YES;
				ONLY_ACTIVE_ARCH = YES;
				SDKROOT = iphoneos;
				TARGETED_DEVICE_FAMILY = "1,2";
			};
			name = Debug;
		};
		04E23B9D1B37C08F0097A2D5 /* Release */ = {
			isa = XCBuildConfiguration;
			buildSettings = {
				ALWAYS_SEARCH_USER_PATHS = NO;
				CLANG_CXX_LANGUAGE_STANDARD = "gnu++0x";
				CLANG_CXX_LIBRARY = "libc++";
				CLANG_ENABLE_MODULES = YES;
				CLANG_ENABLE_OBJC_ARC = YES;
				CLANG_WARN_BOOL_CONVERSION = YES;
				CLANG_WARN_CONSTANT_CONVERSION = YES;
				CLANG_WARN_DIRECT_OBJC_ISA_USAGE = YES_ERROR;
				CLANG_WARN_EMPTY_BODY = YES;
				CLANG_WARN_ENUM_CONVERSION = YES;
				CLANG_WARN_INT_CONVERSION = YES;
				CLANG_WARN_OBJC_ROOT_CLASS = YES_ERROR;
				CLANG_WARN_UNREACHABLE_CODE = YES;
				CLANG_WARN__DUPLICATE_METHOD_MATCH = YES;
				"CODE_SIGN_IDENTITY[sdk=iphoneos*]" = "iPhone Developer";
				COPY_PHASE_STRIP = NO;
				DEBUG_INFORMATION_FORMAT = "dwarf-with-dsym";
				ENABLE_NS_ASSERTIONS = NO;
				ENABLE_STRICT_OBJC_MSGSEND = YES;
				GCC_C_LANGUAGE_STANDARD = gnu99;
				GCC_NO_COMMON_BLOCKS = YES;
				GCC_WARN_64_TO_32_BIT_CONVERSION = YES;
				GCC_WARN_ABOUT_RETURN_TYPE = YES_ERROR;
				GCC_WARN_UNDECLARED_SELECTOR = YES;
				GCC_WARN_UNINITIALIZED_AUTOS = YES_AGGRESSIVE;
				GCC_WARN_UNUSED_FUNCTION = YES;
				GCC_WARN_UNUSED_VARIABLE = YES;
				IPHONEOS_DEPLOYMENT_TARGET = 7.0;
				MTL_ENABLE_DEBUG_INFO = NO;
				SDKROOT = iphoneos;
				TARGETED_DEVICE_FAMILY = "1,2";
				VALIDATE_PRODUCT = YES;
			};
			name = Release;
		};
		04E23B9F1B37C08F0097A2D5 /* Debug */ = {
			isa = XCBuildConfiguration;
			baseConfigurationReference = D02870C58E4009013CD64688 /* Pods.debug.xcconfig */;
			buildSettings = {
				ASSETCATALOG_COMPILER_APPICON_NAME = AppIcon;
				CODE_SIGN_IDENTITY = "iPhone Developer";
				GCC_PREFIX_HEADER = "OnWorld/OnWorld-Prefix.pch";
				INFOPLIST_FILE = OnWorld/Info.plist;
				IPHONEOS_DEPLOYMENT_TARGET = 7.1;
				LD_RUNPATH_SEARCH_PATHS = "$(inherited) @executable_path/Frameworks";
				PRODUCT_NAME = "$(TARGET_NAME)";
			};
			name = Debug;
		};
		04E23BA01B37C08F0097A2D5 /* Release */ = {
			isa = XCBuildConfiguration;
			baseConfigurationReference = 0064D3D7F78455D032F3572B /* Pods.release.xcconfig */;
			buildSettings = {
				ASSETCATALOG_COMPILER_APPICON_NAME = AppIcon;
				CODE_SIGN_IDENTITY = "iPhone Developer";
				GCC_PREFIX_HEADER = "OnWorld/OnWorld-Prefix.pch";
				INFOPLIST_FILE = OnWorld/Info.plist;
				IPHONEOS_DEPLOYMENT_TARGET = 7.1;
				LD_RUNPATH_SEARCH_PATHS = "$(inherited) @executable_path/Frameworks";
				PRODUCT_NAME = "$(TARGET_NAME)";
			};
			name = Release;
		};
		04E23BA21B37C08F0097A2D5 /* Debug */ = {
			isa = XCBuildConfiguration;
			buildSettings = {
				BUNDLE_LOADER = "$(TEST_HOST)";
				FRAMEWORK_SEARCH_PATHS = (
					"$(SDKROOT)/Developer/Library/Frameworks",
					"$(inherited)",
				);
				GCC_PREPROCESSOR_DEFINITIONS = (
					"DEBUG=1",
					"$(inherited)",
				);
				INFOPLIST_FILE = OnWorldTests/Info.plist;
				LD_RUNPATH_SEARCH_PATHS = "$(inherited) @executable_path/Frameworks @loader_path/Frameworks";
				PRODUCT_NAME = "$(TARGET_NAME)";
				TEST_HOST = "$(BUILT_PRODUCTS_DIR)/OnWorld.app/OnWorld";
			};
			name = Debug;
		};
		04E23BA31B37C08F0097A2D5 /* Release */ = {
			isa = XCBuildConfiguration;
			buildSettings = {
				BUNDLE_LOADER = "$(TEST_HOST)";
				FRAMEWORK_SEARCH_PATHS = (
					"$(SDKROOT)/Developer/Library/Frameworks",
					"$(inherited)",
				);
				INFOPLIST_FILE = OnWorldTests/Info.plist;
				LD_RUNPATH_SEARCH_PATHS = "$(inherited) @executable_path/Frameworks @loader_path/Frameworks";
				PRODUCT_NAME = "$(TARGET_NAME)";
				TEST_HOST = "$(BUILT_PRODUCTS_DIR)/OnWorld.app/OnWorld";
			};
			name = Release;
		};
/* End XCBuildConfiguration section */

/* Begin XCConfigurationList section */
		04E23B731B37C08F0097A2D5 /* Build configuration list for PBXProject "OnWorld" */ = {
			isa = XCConfigurationList;
			buildConfigurations = (
				04E23B9C1B37C08F0097A2D5 /* Debug */,
				04E23B9D1B37C08F0097A2D5 /* Release */,
			);
			defaultConfigurationIsVisible = 0;
			defaultConfigurationName = Release;
		};
		04E23B9E1B37C08F0097A2D5 /* Build configuration list for PBXNativeTarget "OnWorld" */ = {
			isa = XCConfigurationList;
			buildConfigurations = (
				04E23B9F1B37C08F0097A2D5 /* Debug */,
				04E23BA01B37C08F0097A2D5 /* Release */,
			);
			defaultConfigurationIsVisible = 0;
			defaultConfigurationName = Release;
		};
		04E23BA11B37C08F0097A2D5 /* Build configuration list for PBXNativeTarget "OnWorldTests" */ = {
			isa = XCConfigurationList;
			buildConfigurations = (
				04E23BA21B37C08F0097A2D5 /* Debug */,
				04E23BA31B37C08F0097A2D5 /* Release */,
			);
			defaultConfigurationIsVisible = 0;
			defaultConfigurationName = Release;
		};
/* End XCConfigurationList section */

/* Begin XCVersionGroup section */
		04E23B821B37C08F0097A2D5 /* OnWorld.xcdatamodeld */ = {
			isa = XCVersionGroup;
			children = (
				04E23B831B37C08F0097A2D5 /* OnWorld.xcdatamodel */,
			);
			currentVersion = 04E23B831B37C08F0097A2D5 /* OnWorld.xcdatamodel */;
			path = OnWorld.xcdatamodeld;
			sourceTree = "<group>";
			versionGroupType = wrapper.xcdatamodel;
		};
/* End XCVersionGroup section */
	};
	rootObject = 04E23B701B37C08F0097A2D5 /* Project object */;
}
